
Microsoft Visual Studio Solution File, Format Version 12.00
# Visual Studio Version 17
VisualStudioVersion = 17.0.31903.59
MinimumVisualStudioVersion = 10.0.40219.1
Project("{2150E333-8FDC-42A3-9474-1A3956D46DE8}") = "src", "src", "{27660AD0-CFEE-4DB4-9931-18803A26A7D3}"
EndProject
Project("{2150E333-8FDC-42A3-9474-1A3956D46DE8}") = "Jalpan", "Jalpan", "{ECEF5396-D6AA-43F8-A692-4CE94C3112D7}"
EndProject
Project("{2150E333-8FDC-42A3-9474-1A3956D46DE8}") = "src", "src", "{320D9ECF-16EC-4D7C-BE85-AFEE725D033B}"
EndProject
Project("{9A19103F-16F7-4668-BE54-9A1E7A4F7556}") = "Jalpan", "src\Jalpan\src\Jalpan\Jalpan.csproj", "{39863508-4402-41E1-8FF8-578BCA871695}"
EndProject
Project("{2150E333-8FDC-42A3-9474-1A3956D46DE8}") = "Jalpan.Auth.Jwt", "Jalpan.Auth.Jwt", "{19C1978F-7794-4DD3-B51E-DDB3C5F2F3C9}"
EndProject
Project("{2150E333-8FDC-42A3-9474-1A3956D46DE8}") = "src", "src", "{F7A71D95-A7D5-455F-B962-D0FD85E8A5E1}"
EndProject
Project("{9A19103F-16F7-4668-BE54-9A1E7A4F7556}") = "Jalpan.Auth.Jwt", "src\Jalpan.Auth.Jwt\src\Jalpan.Auth.Jwt\Jalpan.Auth.Jwt.csproj", "{1576A739-73F3-4C61-8187-A8B68B3073B4}"
EndProject
Project("{2150E333-8FDC-42A3-9474-1A3956D46DE8}") = "Jalpan.HTTP", "Jalpan.HTTP", "{E969DC73-55DD-4805-B6B5-4B429B62DBFB}"
EndProject
Project("{2150E333-8FDC-42A3-9474-1A3956D46DE8}") = "src", "src", "{84DF56D7-2DBF-4B8D-B2C6-B7FD111F79CB}"
EndProject
Project("{9A19103F-16F7-4668-BE54-9A1E7A4F7556}") = "Jalpan.HTTP", "src\Jalpan.HTTP\src\Jalpan.HTTP\Jalpan.HTTP.csproj", "{383354D1-482F-43EF-8CC1-A7D93946D00B}"
EndProject
Project("{2150E333-8FDC-42A3-9474-1A3956D46DE8}") = "Jalpan.Logging.Serilog", "Jalpan.Logging.Serilog", "{BC3EA7F1-D14F-4A61-ADDC-4657CBE543E8}"
EndProject
Project("{2150E333-8FDC-42A3-9474-1A3956D46DE8}") = "src", "src", "{D046849E-1F56-4846-A29A-39964C3F93D4}"
EndProject
Project("{9A19103F-16F7-4668-BE54-9A1E7A4F7556}") = "Jalpan.Logging.Serilog", "src\Jalpan.Logging.Serilog\src\Jalpan.Logging.Serilog\Jalpan.Logging.Serilog.csproj", "{931A1000-0E23-4502-910D-790E6ED54BE5}"
EndProject
Project("{2150E333-8FDC-42A3-9474-1A3956D46DE8}") = "Jalpan.Persistence.Redis", "Jalpan.Persistence.Redis", "{2B8B5170-D38D-4D60-891A-317BA3C73543}"
EndProject
Project("{2150E333-8FDC-42A3-9474-1A3956D46DE8}") = "src", "src", "{E25A53D4-6928-448D-9518-030A55840F7B}"
EndProject
Project("{9A19103F-16F7-4668-BE54-9A1E7A4F7556}") = "Jalpan.Persistence.Redis", "src\Jalpan.Persistence.Redis\src\Jalpan.Persistence.Redis\Jalpan.Persistence.Redis.csproj", "{92F97D96-0C33-44B8-8769-79CBA8D59052}"
EndProject
Project("{2150E333-8FDC-42A3-9474-1A3956D46DE8}") = "Jalpan.Persistence.MongoDB", "Jalpan.Persistence.MongoDB", "{F3CE7B68-A71E-4198-A6A1-418FBC2C1CD9}"
EndProject
Project("{2150E333-8FDC-42A3-9474-1A3956D46DE8}") = "src", "src", "{1CA18124-475F-4DAF-8B88-EB572D4BDEFB}"
EndProject
Project("{9A19103F-16F7-4668-BE54-9A1E7A4F7556}") = "Jalpan.Persistence.MongoDB", "src\Jalpan.Persistence.MongoDB\src\Jalpan.Persistence.MongoDB\Jalpan.Persistence.MongoDB.csproj", "{BB8A46FB-55AD-4E00-ACD6-7EA6A05F4738}"
EndProject
Project("{2150E333-8FDC-42A3-9474-1A3956D46DE8}") = "Jalpan.WebApi", "Jalpan.WebApi", "{62127B0A-6DE9-47AE-8FB6-95344F12D242}"
EndProject
Project("{9A19103F-16F7-4668-BE54-9A1E7A4F7556}") = "Jalpan.WebApi", "src\Jalpan.WebApi\src\Jalpan.WebApi\Jalpan.WebApi.csproj", "{D39A6037-3700-4F37-B5E5-174ECE3C4320}"
EndProject
Project("{2150E333-8FDC-42A3-9474-1A3956D46DE8}") = "Jalpan.Discovery.Consul", "Jalpan.Discovery.Consul", "{A69ACBAE-B083-426B-BD6F-F9DEE544578F}"
EndProject
Project("{2150E333-8FDC-42A3-9474-1A3956D46DE8}") = "src", "src", "{D5E0F61E-41BC-467C-827E-302C6FEBBEC1}"
EndProject
Project("{9A19103F-16F7-4668-BE54-9A1E7A4F7556}") = "Jalpan.Discovery.Consul", "src\Jalpan.Discovery.Consul\src\Jalpan.Discovery.Consul\Jalpan.Discovery.Consul.csproj", "{B3BA81D1-C685-4F4B-A655-A6758431E2DB}"
EndProject
Project("{2150E333-8FDC-42A3-9474-1A3956D46DE8}") = "Jalpan.Security", "Jalpan.Security", "{96706EC2-25CB-4C38-992D-6FD2C559BB33}"
EndProject
Project("{2150E333-8FDC-42A3-9474-1A3956D46DE8}") = "src", "src", "{47B25EEE-F281-4C96-94E1-51E311DC5ECE}"
EndProject
Project("{9A19103F-16F7-4668-BE54-9A1E7A4F7556}") = "Jalpan.Security", "src\Jalpan.Security\src\Jalpan.Security\Jalpan.Security.csproj", "{44AA62C2-5287-4F50-8486-A500EFB605EC}"
EndProject
Project("{2150E333-8FDC-42A3-9474-1A3956D46DE8}") = "Jalpan.Contexts", "Jalpan.Contexts", "{0CA52A56-81EC-46DE-B9AE-F3D2921D28D8}"
EndProject
Project("{2150E333-8FDC-42A3-9474-1A3956D46DE8}") = "src", "src", "{1EF6C463-95CA-4519-B3AA-831732C8734A}"
EndProject
Project("{9A19103F-16F7-4668-BE54-9A1E7A4F7556}") = "Jalpan.Contexts", "src\Jalpan.Contexts\src\Jalpan.Contexts\Jalpan.Contexts.csproj", "{13720CB0-26B6-46D8-A719-92486A16EECF}"
EndProject
Project("{2150E333-8FDC-42A3-9474-1A3956D46DE8}") = "Jalpan.Messaging", "Jalpan.Messaging", "{C54FEF0C-6277-4951-9FDC-761A3B4D7896}"
EndProject
Project("{2150E333-8FDC-42A3-9474-1A3956D46DE8}") = "src", "src", "{9DD65BBD-49A8-4411-88F1-FC8EE9F63B29}"
EndProject
Project("{9A19103F-16F7-4668-BE54-9A1E7A4F7556}") = "Jalpan.Messaging", "src\Jalpan.Messaging\src\Jalpan.Messaging\Jalpan.Messaging.csproj", "{15FF328D-FF38-4D1B-803A-5E4DC3400E70}"
EndProject
Project("{2150E333-8FDC-42A3-9474-1A3956D46DE8}") = "Jalpan.LoadBalancing.Fabio", "Jalpan.LoadBalancing.Fabio", "{1CC0BFC3-052A-4715-887E-D4DEB3A54620}"
EndProject
Project("{2150E333-8FDC-42A3-9474-1A3956D46DE8}") = "src", "src", "{29B15000-BA8F-4E46-87DF-09BAB822836A}"
EndProject
Project("{9A19103F-16F7-4668-BE54-9A1E7A4F7556}") = "Jalpan.LoadBalancing.Fabio", "src\Jalpan.LoadBalancing.Fabio\src\Jalpan.LoadBalancing.Fabio\Jalpan.LoadBalancing.Fabio.csproj", "{FAF75DC5-4106-4942-9A2D-53D2D843AC97}"
EndProject
Project("{2150E333-8FDC-42A3-9474-1A3956D46DE8}") = "Jalpan.Metrics.OpenTelemetry", "Jalpan.Metrics.OpenTelemetry", "{49518C99-FE8F-41D3-B4A4-9407B3A81613}"
EndProject
Project("{2150E333-8FDC-42A3-9474-1A3956D46DE8}") = "Jalpan.Tracing.OpenTelemetry", "Jalpan.Tracing.OpenTelemetry", "{DE95C93E-6995-49A9-B1D5-21DE000CD046}"
EndProject
Project("{2150E333-8FDC-42A3-9474-1A3956D46DE8}") = "src", "src", "{884E0870-8EFD-4FEA-B0B9-F406E9027CC3}"
EndProject
Project("{2150E333-8FDC-42A3-9474-1A3956D46DE8}") = "src", "src", "{8A882F52-8014-43D4-B13D-76C9E27B75B7}"
EndProject
Project("{9A19103F-16F7-4668-BE54-9A1E7A4F7556}") = "Jalpan.Tracing.OpenTelemetry", "src\Jalpan.Tracing.OpenTelemetry\src\Jalpan.Tracing.OpenTelemetry\Jalpan.Tracing.OpenTelemetry.csproj", "{DD06FF52-6B20-4C59-9795-2229470F61E9}"
EndProject
Project("{9A19103F-16F7-4668-BE54-9A1E7A4F7556}") = "Jalpan.Metrics.OpenTelemetry", "src\Jalpan.Metrics.OpenTelemetry\src\Jalpan.Metrics.OpenTelemetry\Jalpan.Metrics.OpenTelemetry.csproj", "{380EB32F-2BF7-4719-9383-CB638C63E45B}"
EndProject
Project("{2150E333-8FDC-42A3-9474-1A3956D46DE8}") = "Jalpan.Messaging.RabbitMQ", "Jalpan.Messaging.RabbitMQ", "{2905F745-4398-462B-90F9-8E0B7B6908B4}"
EndProject
Project("{2150E333-8FDC-42A3-9474-1A3956D46DE8}") = "Jalpan.Messaging.RabbitMQ.Streams", "Jalpan.Messaging.RabbitMQ.Streams", "{021D8554-238F-4198-BE34-6C8CAA7CC906}"
EndProject
Project("{2150E333-8FDC-42A3-9474-1A3956D46DE8}") = "src", "src", "{038D9294-42B8-44C0-B9A1-127F0FA0452D}"
EndProject
Project("{2150E333-8FDC-42A3-9474-1A3956D46DE8}") = "src", "src", "{162E0335-A728-4F29-8C95-5323B86D0417}"
EndProject
Project("{9A19103F-16F7-4668-BE54-9A1E7A4F7556}") = "Jalpan.Messaging.RabbitMQ", "src\Jalpan.Messaging.RabbitMQ\src\Jalpan.Messaging.RabbitMQ\Jalpan.Messaging.RabbitMQ.csproj", "{AAE077A9-49AA-45DB-9773-426C45649935}"
EndProject
Project("{9A19103F-16F7-4668-BE54-9A1E7A4F7556}") = "Jalpan.Messaging.RabbitMQ.Streams", "src\Jalpan.Messaging.RabbitMQ.Streams\Jalpan.Messaging.RabbitMQ.Streams\Jalpan.Messaging.RabbitMQ.Streams.csproj", "{0B4677A9-54A8-4374-8A2F-495EA1226B5F}"
EndProject
Project("{2150E333-8FDC-42A3-9474-1A3956D46DE8}") = "Jalpan.Jobs.Quartz", "Jalpan.Jobs.Quartz", "{333C55DF-3249-4DA6-BBA3-C10F3B24A7E8}"
EndProject
Project("{2150E333-8FDC-42A3-9474-1A3956D46DE8}") = "src", "src", "{3C3137F9-6B1D-4F6A-9B0F-B58236220E4E}"
EndProject
Project("{9A19103F-16F7-4668-BE54-9A1E7A4F7556}") = "Jalpan.Jobs.Quartz", "src\Jalpan.Jobs.Quartz\src\Jalpan.Jobs.Quartz\Jalpan.Jobs.Quartz.csproj", "{413BAFFE-94C2-4094-BC04-C851962D0DD2}"
EndProject
Project("{2150E333-8FDC-42A3-9474-1A3956D46DE8}") = "Jalpan.Secrets.Vault", "Jalpan.Secrets.Vault", "{FBA1037E-78AA-442D-A370-0DC362D6ECF9}"
EndProject
Project("{2150E333-8FDC-42A3-9474-1A3956D46DE8}") = "src", "src", "{A2FB4A1C-6E7C-48DD-B597-AA863CD7FDE5}"
EndProject
Project("{9A19103F-16F7-4668-BE54-9A1E7A4F7556}") = "Jalpan.Secrets.Vault", "src\Jalpan.Secrets.Vault\src\Jalpan.Secrets.Vault\Jalpan.Secrets.Vault.csproj", "{21E9A92A-C92D-4C25-AA59-2C946D755F52}"
EndProject
Project("{2150E333-8FDC-42A3-9474-1A3956D46DE8}") = "Jalpan.Messaging.Idempotency", "Jalpan.Messaging.Idempotency", "{2F1BACA1-B0CA-4CA8-82A5-B152B2462039}"
EndProject
Project("{2150E333-8FDC-42A3-9474-1A3956D46DE8}") = "src", "src", "{FF9BDD92-D219-4217-AC6C-141001D58003}"
EndProject
Project("{2150E333-8FDC-42A3-9474-1A3956D46DE8}") = "Jalpan.Messaging.Idempotency.MongoDB", "Jalpan.Messaging.Idempotency.MongoDB", "{C6B0B583-3C1D-4534-B51E-2C991DA6F412}"
EndProject
Project("{2150E333-8FDC-42A3-9474-1A3956D46DE8}") = "src", "src", "{4047D185-50F7-40F2-8ADF-0BAEE792FF2E}"
EndProject
Project("{9A19103F-16F7-4668-BE54-9A1E7A4F7556}") = "Jalpan.Messaging.Idempotency", "src\Jalpan.Messaging.Idempotency\src\Jalpan.Messaging.Idempotency\Jalpan.Messaging.Idempotency.csproj", "{95AE243C-DB3F-479F-AEF8-F60B411D7401}"
EndProject
Project("{9A19103F-16F7-4668-BE54-9A1E7A4F7556}") = "Jalpan.Messaging.Idempotency.MongoDB", "src\Jalpan.Messaging.Idempotency.MongoDB\src\Jalpan.Messaging.Idempotency.MongoDB\Jalpan.Messaging.Idempotency.MongoDB.csproj", "{EDD0E25F-82C3-4269-917C-86B4695F5927}"
EndProject
Project("{2150E333-8FDC-42A3-9474-1A3956D46DE8}") = "Jalpan.Persistence.Postgres", "Jalpan.Persistence.Postgres", "{BE93C6EF-1548-404A-9CCA-A89E8014C4D4}"
EndProject
Project("{2150E333-8FDC-42A3-9474-1A3956D46DE8}") = "src", "src", "{83CABF6A-AD2A-40F6-B17F-3281B5076D5B}"
EndProject
Project("{9A19103F-16F7-4668-BE54-9A1E7A4F7556}") = "Jalpan.Persistence.Postgres", "src\Jalpan.Persistence.Postgres\src\Jalpan.Persistence.Postgres\Jalpan.Persistence.Postgres.csproj", "{AA597AF2-0DC8-4498-8859-FE2B8D30C7FD}"
EndProject
Project("{2150E333-8FDC-42A3-9474-1A3956D46DE8}") = "Jalpan.Testing", "Jalpan.Testing", "{80174F03-A59F-4AE1-88F1-6D9AF7B0FCD0}"
EndProject
Project("{2150E333-8FDC-42A3-9474-1A3956D46DE8}") = "src", "src", "{A7681613-1D25-491D-A478-225FAA09727B}"
EndProject
Project("{9A19103F-16F7-4668-BE54-9A1E7A4F7556}") = "Jalpan.Testing", "src\Jalpan.Testing\src\Jalpan.Testing\Jalpan.Testing.csproj", "{752C1D84-C138-4478-9D0F-2516B005DFCB}"
EndProject
Project("{2150E333-8FDC-42A3-9474-1A3956D46DE8}") = "samples", "samples", "{C458A135-7436-40EF-AAA1-23D1A55637E9}"
EndProject
Project("{2150E333-8FDC-42A3-9474-1A3956D46DE8}") = "Taskly", "Taskly", "{9B235ABD-DEEE-441E-AEFA-1022B3DB1E6B}"
EndProject
Project("{2150E333-8FDC-42A3-9474-1A3956D46DE8}") = "services", "services", "{35401914-10DC-46C6-A08E-9F87EE52298C}"
	ProjectSection(SolutionItems) = preProject
		samples\Taskly\services\docker-compose.yml = samples\Taskly\services\docker-compose.yml
	EndProjectSection
EndProject
Project("{2150E333-8FDC-42A3-9474-1A3956D46DE8}") = "Task", "Task", "{1C928D38-EDBC-4081-8E5C-49284097829D}"
	ProjectSection(SolutionItems) = preProject
		samples\Taskly\services\Task\Dockerfile = samples\Taskly\services\Task\Dockerfile
		samples\Taskly\services\Task\.gitlab-ci.yml = samples\Taskly\services\Task\.gitlab-ci.yml
	EndProjectSection
EndProject
Project("{2150E333-8FDC-42A3-9474-1A3956D46DE8}") = "src", "src", "{F66D3D7C-EAAF-4050-AB82-3E06E11B6770}"
EndProject
Project("{2150E333-8FDC-42A3-9474-1A3956D46DE8}") = "tests", "tests", "{2AAB1F27-EF74-4CB4-9328-03A267D0E9E0}"
EndProject
Project("{9A19103F-16F7-4668-BE54-9A1E7A4F7556}") = "Taskly.Services.Task.Api", "samples\Taskly\services\Task\src\Taskly.Services.Task.Api\Taskly.Services.Task.Api.csproj", "{740794FC-F8B4-48E8-A044-253249B6B6A1}"
EndProject
Project("{9A19103F-16F7-4668-BE54-9A1E7A4F7556}") = "Taskly.Services.Task.Domain", "samples\Taskly\services\Task\src\Taskly.Services.Task.Domain\Taskly.Services.Task.Domain.csproj", "{FAC8DFC2-528D-4724-A80C-66B1F8B77103}"
EndProject
Project("{9A19103F-16F7-4668-BE54-9A1E7A4F7556}") = "Taskly.Services.Task.Application", "samples\Taskly\services\Task\src\Taskly.Services.Task.Application\Taskly.Services.Task.Application.csproj", "{78A7FE8D-9262-4E9F-840C-4C812F03A393}"
EndProject
Project("{9A19103F-16F7-4668-BE54-9A1E7A4F7556}") = "Taskly.Services.Task.Infrastructure", "samples\Taskly\services\Task\src\Taskly.Services.Task.Infrastructure\Taskly.Services.Task.Infrastructure.csproj", "{469EB4C7-7142-4091-B589-308DE30B9590}"
EndProject
Project("{2150E333-8FDC-42A3-9474-1A3956D46DE8}") = "Identity", "Identity", "{8D2B98F2-E423-4128-B198-BC99F227A545}"
	ProjectSection(SolutionItems) = preProject
		samples\Taskly\services\Identity\Dockerfile = samples\Taskly\services\Identity\Dockerfile
		samples\Taskly\services\Identity\.gitlab-ci.yml = samples\Taskly\services\Identity\.gitlab-ci.yml
	EndProjectSection
EndProject
Project("{2150E333-8FDC-42A3-9474-1A3956D46DE8}") = "src", "src", "{D9FE616C-B39A-45EB-A540-BE750EE12373}"
EndProject
Project("{2150E333-8FDC-42A3-9474-1A3956D46DE8}") = "tests", "tests", "{B893AF89-8C7D-4C34-B9C5-F9CD569E2CB2}"
EndProject
Project("{9A19103F-16F7-4668-BE54-9A1E7A4F7556}") = "Taskly.Services.Identity.Api", "samples\Taskly\services\Identity\src\Taskly.Services.Identity.Api\Taskly.Services.Identity.Api.csproj", "{44B0F086-F649-4976-B53F-6D32B1EB48A6}"
EndProject
Project("{9A19103F-16F7-4668-BE54-9A1E7A4F7556}") = "Taskly.Services.Identity.Domain", "samples\Taskly\services\Identity\src\Taskly.Services.Identity.Domain\Taskly.Services.Identity.Domain.csproj", "{A62D6D23-88A9-4366-ABA8-F835BA2D8FF2}"
EndProject
Project("{9A19103F-16F7-4668-BE54-9A1E7A4F7556}") = "Taskly.Services.Identity.Infrastructure", "samples\Taskly\services\Identity\src\Taskly.Services.Identity.Infrastructure\Taskly.Services.Identity.Infrastructure.csproj", "{A76E17B2-B58E-422C-A2D3-C33489AEA284}"
EndProject
Project("{9A19103F-16F7-4668-BE54-9A1E7A4F7556}") = "Taskly.Services.Identity.Application", "samples\Taskly\services\Identity\src\Taskly.Services.Identity.Application\Taskly.Services.Identity.Application.csproj", "{B7DE3D8F-D8AA-4292-8230-1DB462F3CF34}"
EndProject
Project("{2150E333-8FDC-42A3-9474-1A3956D46DE8}") = "Notification", "Notification", "{00D5C9B7-CC72-47BA-B325-E5F73E55B13E}"
	ProjectSection(SolutionItems) = preProject
		samples\Taskly\services\Notification\Dockerfile = samples\Taskly\services\Notification\Dockerfile
		samples\Taskly\services\Notification\.gitlab-ci.yml = samples\Taskly\services\Notification\.gitlab-ci.yml
	EndProjectSection
EndProject
Project("{2150E333-8FDC-42A3-9474-1A3956D46DE8}") = "Report", "Report", "{C1849BFA-9191-47DE-B0F0-E4FECABBADB6}"
	ProjectSection(SolutionItems) = preProject
		samples\Taskly\services\Report\Dockerfile = samples\Taskly\services\Report\Dockerfile
		samples\Taskly\services\Report\.gitlab-ci.yml = samples\Taskly\services\Report\.gitlab-ci.yml
	EndProjectSection
EndProject
Project("{2150E333-8FDC-42A3-9474-1A3956D46DE8}") = "src", "src", "{ADEF7793-F9FA-43B1-83B7-FD8C3EE4FE6F}"
EndProject
Project("{2150E333-8FDC-42A3-9474-1A3956D46DE8}") = "tests", "tests", "{43B8DD06-342F-4694-AC48-94962CAB2488}"
EndProject
Project("{2150E333-8FDC-42A3-9474-1A3956D46DE8}") = "src", "src", "{07E7A29B-914D-4AE7-A8C3-8DF654A729B4}"
EndProject
Project("{2150E333-8FDC-42A3-9474-1A3956D46DE8}") = "tests", "tests", "{EFE0BBC6-6684-4C70-8D49-1DC6C51842E8}"
EndProject
Project("{9A19103F-16F7-4668-BE54-9A1E7A4F7556}") = "Taskly.Services.Report.Api", "samples\Taskly\services\Report\src\Taskly.Services.Report.Api\Taskly.Services.Report.Api.csproj", "{8AA9C06B-220D-4E9D-B983-2BA67BB81A97}"
EndProject
Project("{9A19103F-16F7-4668-BE54-9A1E7A4F7556}") = "Taskly.Services.Report.Application", "samples\Taskly\services\Report\src\Taskly.Services.Report.Application\Taskly.Services.Report.Application.csproj", "{133E9B13-C74C-4664-B65B-EA6FF1362D03}"
EndProject
Project("{9A19103F-16F7-4668-BE54-9A1E7A4F7556}") = "Taskly.Services.Report.Domain", "samples\Taskly\services\Report\src\Taskly.Services.Report.Domain\Taskly.Services.Report.Domain.csproj", "{A6982DF8-7CD8-4E8E-975B-2FAF7266D5BD}"
EndProject
Project("{9A19103F-16F7-4668-BE54-9A1E7A4F7556}") = "Taskly.Services.Report.Infrastructure", "samples\Taskly\services\Report\src\Taskly.Services.Report.Infrastructure\Taskly.Services.Report.Infrastructure.csproj", "{97B5F3EF-E63D-4C5D-8C09-C7B9B9216D0B}"
EndProject
Project("{9A19103F-16F7-4668-BE54-9A1E7A4F7556}") = "Taskly.Services.Notification.Domain", "samples\Taskly\services\Notification\src\Taskly.Services.Notification.Domain\Taskly.Services.Notification.Domain.csproj", "{DD0E63AF-5608-4139-9BAC-115944644011}"
EndProject
Project("{9A19103F-16F7-4668-BE54-9A1E7A4F7556}") = "Taskly.Services.Notification.Application", "samples\Taskly\services\Notification\src\Taskly.Services.Notification.Application\Taskly.Services.Notification.Application.csproj", "{92E95202-00E2-4157-8B0E-DFEF17E96F0F}"
EndProject
Project("{9A19103F-16F7-4668-BE54-9A1E7A4F7556}") = "Taskly.Services.Notification.Infrastructure", "samples\Taskly\services\Notification\src\Taskly.Services.Notification.Infrastructure\Taskly.Services.Notification.Infrastructure.csproj", "{DEBA9B74-B77A-4475-AF90-8ACD6CDE8516}"
EndProject
Project("{9A19103F-16F7-4668-BE54-9A1E7A4F7556}") = "Taskly.Services.Notification.Api", "samples\Taskly\services\Notification\src\Taskly.Services.Notification.Api\Taskly.Services.Notification.Api.csproj", "{605F3688-FDC8-4C47-B621-9D6C2B684288}"
EndProject
Project("{2150E333-8FDC-42A3-9474-1A3956D46DE8}") = "infrastructure", "infrastructure", "{3BA16826-979C-45D3-9E17-54295EFCF1CF}"
	ProjectSection(SolutionItems) = preProject
		samples\Taskly\infrastructure\docker-compose.yml = samples\Taskly\infrastructure\docker-compose.yml
	EndProjectSection
EndProject
Project("{2150E333-8FDC-42A3-9474-1A3956D46DE8}") = "prometheus", "prometheus", "{AA3B702C-BAF6-489E-A251-9BDAD726F5B6}"
	ProjectSection(SolutionItems) = preProject
		samples\Taskly\infrastructure\prometheus\Dockerfile = samples\Taskly\infrastructure\prometheus\Dockerfile
		samples\Taskly\infrastructure\prometheus\prometheus.yml = samples\Taskly\infrastructure\prometheus\prometheus.yml
	EndProjectSection
EndProject
Project("{2150E333-8FDC-42A3-9474-1A3956D46DE8}") = "src", "src", "{23A76B16-D48C-4F48-A59E-C2FA7DA3ED8B}"
EndProject
Project("{2150E333-8FDC-42A3-9474-1A3956D46DE8}") = "Jalpan.Persistence.SqlServer", "Jalpan.Persistence.SqlServer", "{17D0844A-10A2-4E6E-8B0B-4AAD60AB002C}"
EndProject
Project("{2150E333-8FDC-42A3-9474-1A3956D46DE8}") = "src", "src", "{F90C1362-27A0-4CEF-88FA-2A206D2B42D1}"
EndProject
Project("{FAE04EC0-301F-11D3-BF4B-00C04F79EFBC}") = "Jalpan.Persistence.SqlServer", "src\Jalpan.Persistence.SqlServer\src\Jalpan.Persistence.SqlServer\Jalpan.Persistence.SqlServer.csproj", "{DAFE20F1-BA8D-47DD-9562-1227FC9D049F}"
EndProject
Project("{2150E333-8FDC-42A3-9474-1A3956D46DE8}") = "Meta", "Meta", "{FD61844B-5432-4F1E-96E0-97E89AC8572F}"
EndProject
Project("{2150E333-8FDC-42A3-9474-1A3956D46DE8}") = "src", "src", "{8A441FBB-4A35-47C3-9EB5-09F613091FDF}"
EndProject
Project("{2150E333-8FDC-42A3-9474-1A3956D46DE8}") = "tests", "tests", "{6F421955-A168-439B-B5D6-8B16B4C44ADE}"
EndProject
Project("{FAE04EC0-301F-11D3-BF4B-00C04F79EFBC}") = "Taskly.Services.Meta.Api", "samples\Taskly\services\Meta\src\Taskly.Services.Meta.Api\Taskly.Services.Meta.Api.csproj", "{8D87CD31-BC14-41ED-8028-543715D3EAF4}"
EndProject
Project("{FAE04EC0-301F-11D3-BF4B-00C04F79EFBC}") = "Taskly.Services.Meta.Domain", "samples\Taskly\services\Meta\src\Taskly.Services.Meta.Domain\Taskly.Services.Meta.Domain.csproj", "{53289289-6DFE-4F6F-B8E6-02FA24F5A856}"
EndProject
Project("{FAE04EC0-301F-11D3-BF4B-00C04F79EFBC}") = "Taskly.Services.Meta.Infrastructure", "samples\Taskly\services\Meta\src\Taskly.Services.Meta.Infrastructure\Taskly.Services.Meta.Infrastructure.csproj", "{6E283491-F6FC-421D-869E-41273B718F0A}"
EndProject
Project("{FAE04EC0-301F-11D3-BF4B-00C04F79EFBC}") = "Taskly.Services.Meta.Application", "samples\Taskly\services\Meta\src\Taskly.Services.Meta.Application\Taskly.Services.Meta.Application.csproj", "{96D56E8C-3E82-4BE6-94E7-7BA5AE22BB33}"
EndProject
Project("{2150E333-8FDC-42A3-9474-1A3956D46DE8}") = "Note", "Note", "{14ABEE21-EC1E-4AFF-BE6F-E272594C597C}"
EndProject
Project("{2150E333-8FDC-42A3-9474-1A3956D46DE8}") = "src", "src", "{BF090F4E-A81A-4B3A-BA7F-846012153E68}"
EndProject
Project("{FAE04EC0-301F-11D3-BF4B-00C04F79EFBC}") = "Taskly.Services.Note.Api", "samples\Taskly\services\Note\src\Taskly.Services.Note.Api\Taskly.Services.Note.Api.csproj", "{49A31EEC-896D-4661-89E5-1972500F68FC}"
EndProject
Project("{FAE04EC0-301F-11D3-BF4B-00C04F79EFBC}") = "Taskly.Services.Note.Application", "samples\Taskly\services\Note\src\Taskly.Services.Note.Application\Taskly.Services.Note.Application.csproj", "{9F4E47A2-210B-45DA-B581-0631C6CBEB45}"
EndProject
Project("{FAE04EC0-301F-11D3-BF4B-00C04F79EFBC}") = "Taskly.Services.Note.Domain", "samples\Taskly\services\Note\src\Taskly.Services.Note.Domain\Taskly.Services.Note.Domain.csproj", "{CDAFADCA-30EC-40D0-8FA5-4ABC54D66241}"
EndProject
Project("{FAE04EC0-301F-11D3-BF4B-00C04F79EFBC}") = "Taskly.Services.Note.Infrastructure", "samples\Taskly\services\Note\src\Taskly.Services.Note.Infrastructure\Taskly.Services.Note.Infrastructure.csproj", "{B1242B9B-C2CD-47B3-806A-42A0EB143F95}"
EndProject
Project("{2150E333-8FDC-42A3-9474-1A3956D46DE8}") = "Payments", "Payments", "{A30DA3E9-5C23-4814-9B9B-4C6DFA43CA24}"
EndProject
Project("{2150E333-8FDC-42A3-9474-1A3956D46DE8}") = "src", "src", "{EE448D11-0DCD-442C-A3FF-C92A9E220DF0}"
EndProject
Project("{2150E333-8FDC-42A3-9474-1A3956D46DE8}") = "tests", "tests", "{05923FD6-B653-469E-9C37-11A3FE6AC7DA}"
EndProject
Project("{FAE04EC0-301F-11D3-BF4B-00C04F79EFBC}") = "Taskly.Services.Payments.Domain", "samples\Taskly\services\Payments\src\Taskly.Services.Payments.Domain\Taskly.Services.Payments.Domain.csproj", "{9D1E5217-D174-43D3-A57F-D138FA119B81}"
EndProject
Project("{FAE04EC0-301F-11D3-BF4B-00C04F79EFBC}") = "Taskly.Services.Payments.Application", "samples\Taskly\services\Payments\src\Taskly.Services.Payments.Application\Taskly.Services.Payments.Application.csproj", "{A92FA3C2-0241-4CEC-B7DF-4423E2D783CB}"
EndProject
Project("{FAE04EC0-301F-11D3-BF4B-00C04F79EFBC}") = "Taskly.Services.Payments.Infrastructure", "samples\Taskly\services\Payments\src\Taskly.Services.Payments.Infrastructure\Taskly.Services.Payments.Infrastructure.csproj", "{21D84612-4755-46DE-9903-F3C5FFBD4210}"
EndProject
Project("{FAE04EC0-301F-11D3-BF4B-00C04F79EFBC}") = "Taskly.Services.Payments.Api", "samples\Taskly\services\Payments\src\Taskly.Services.Payments.Api\Taskly.Services.Payments.Api.csproj", "{716CA6AF-87CD-4175-8431-7A1A90AF319A}"
EndProject
Global
	GlobalSection(SolutionConfigurationPlatforms) = preSolution
		Debug|Any CPU = Debug|Any CPU
		Release|Any CPU = Release|Any CPU
	EndGlobalSection
	GlobalSection(ProjectConfigurationPlatforms) = postSolution
		{39863508-4402-41E1-8FF8-578BCA871695}.Debug|Any CPU.ActiveCfg = Debug|Any CPU
		{39863508-4402-41E1-8FF8-578BCA871695}.Debug|Any CPU.Build.0 = Debug|Any CPU
		{39863508-4402-41E1-8FF8-578BCA871695}.Release|Any CPU.ActiveCfg = Release|Any CPU
		{39863508-4402-41E1-8FF8-578BCA871695}.Release|Any CPU.Build.0 = Release|Any CPU
		{1576A739-73F3-4C61-8187-A8B68B3073B4}.Debug|Any CPU.ActiveCfg = Debug|Any CPU
		{1576A739-73F3-4C61-8187-A8B68B3073B4}.Debug|Any CPU.Build.0 = Debug|Any CPU
		{1576A739-73F3-4C61-8187-A8B68B3073B4}.Release|Any CPU.ActiveCfg = Release|Any CPU
		{1576A739-73F3-4C61-8187-A8B68B3073B4}.Release|Any CPU.Build.0 = Release|Any CPU
		{383354D1-482F-43EF-8CC1-A7D93946D00B}.Debug|Any CPU.ActiveCfg = Debug|Any CPU
		{383354D1-482F-43EF-8CC1-A7D93946D00B}.Debug|Any CPU.Build.0 = Debug|Any CPU
		{383354D1-482F-43EF-8CC1-A7D93946D00B}.Release|Any CPU.ActiveCfg = Release|Any CPU
		{383354D1-482F-43EF-8CC1-A7D93946D00B}.Release|Any CPU.Build.0 = Release|Any CPU
		{931A1000-0E23-4502-910D-790E6ED54BE5}.Debug|Any CPU.ActiveCfg = Debug|Any CPU
		{931A1000-0E23-4502-910D-790E6ED54BE5}.Debug|Any CPU.Build.0 = Debug|Any CPU
		{931A1000-0E23-4502-910D-790E6ED54BE5}.Release|Any CPU.ActiveCfg = Release|Any CPU
		{931A1000-0E23-4502-910D-790E6ED54BE5}.Release|Any CPU.Build.0 = Release|Any CPU
		{92F97D96-0C33-44B8-8769-79CBA8D59052}.Debug|Any CPU.ActiveCfg = Debug|Any CPU
		{92F97D96-0C33-44B8-8769-79CBA8D59052}.Debug|Any CPU.Build.0 = Debug|Any CPU
		{92F97D96-0C33-44B8-8769-79CBA8D59052}.Release|Any CPU.ActiveCfg = Release|Any CPU
		{92F97D96-0C33-44B8-8769-79CBA8D59052}.Release|Any CPU.Build.0 = Release|Any CPU
		{BB8A46FB-55AD-4E00-ACD6-7EA6A05F4738}.Debug|Any CPU.ActiveCfg = Debug|Any CPU
		{BB8A46FB-55AD-4E00-ACD6-7EA6A05F4738}.Debug|Any CPU.Build.0 = Debug|Any CPU
		{BB8A46FB-55AD-4E00-ACD6-7EA6A05F4738}.Release|Any CPU.ActiveCfg = Release|Any CPU
		{BB8A46FB-55AD-4E00-ACD6-7EA6A05F4738}.Release|Any CPU.Build.0 = Release|Any CPU
		{D39A6037-3700-4F37-B5E5-174ECE3C4320}.Debug|Any CPU.ActiveCfg = Debug|Any CPU
		{D39A6037-3700-4F37-B5E5-174ECE3C4320}.Debug|Any CPU.Build.0 = Debug|Any CPU
		{D39A6037-3700-4F37-B5E5-174ECE3C4320}.Release|Any CPU.ActiveCfg = Release|Any CPU
		{D39A6037-3700-4F37-B5E5-174ECE3C4320}.Release|Any CPU.Build.0 = Release|Any CPU
		{B3BA81D1-C685-4F4B-A655-A6758431E2DB}.Debug|Any CPU.ActiveCfg = Debug|Any CPU
		{B3BA81D1-C685-4F4B-A655-A6758431E2DB}.Debug|Any CPU.Build.0 = Debug|Any CPU
		{B3BA81D1-C685-4F4B-A655-A6758431E2DB}.Release|Any CPU.ActiveCfg = Release|Any CPU
		{B3BA81D1-C685-4F4B-A655-A6758431E2DB}.Release|Any CPU.Build.0 = Release|Any CPU
		{44AA62C2-5287-4F50-8486-A500EFB605EC}.Debug|Any CPU.ActiveCfg = Debug|Any CPU
		{44AA62C2-5287-4F50-8486-A500EFB605EC}.Debug|Any CPU.Build.0 = Debug|Any CPU
		{44AA62C2-5287-4F50-8486-A500EFB605EC}.Release|Any CPU.ActiveCfg = Release|Any CPU
		{44AA62C2-5287-4F50-8486-A500EFB605EC}.Release|Any CPU.Build.0 = Release|Any CPU
		{13720CB0-26B6-46D8-A719-92486A16EECF}.Debug|Any CPU.ActiveCfg = Debug|Any CPU
		{13720CB0-26B6-46D8-A719-92486A16EECF}.Debug|Any CPU.Build.0 = Debug|Any CPU
		{13720CB0-26B6-46D8-A719-92486A16EECF}.Release|Any CPU.ActiveCfg = Release|Any CPU
		{13720CB0-26B6-46D8-A719-92486A16EECF}.Release|Any CPU.Build.0 = Release|Any CPU
		{15FF328D-FF38-4D1B-803A-5E4DC3400E70}.Debug|Any CPU.ActiveCfg = Debug|Any CPU
		{15FF328D-FF38-4D1B-803A-5E4DC3400E70}.Debug|Any CPU.Build.0 = Debug|Any CPU
		{15FF328D-FF38-4D1B-803A-5E4DC3400E70}.Release|Any CPU.ActiveCfg = Release|Any CPU
		{15FF328D-FF38-4D1B-803A-5E4DC3400E70}.Release|Any CPU.Build.0 = Release|Any CPU
		{FAF75DC5-4106-4942-9A2D-53D2D843AC97}.Debug|Any CPU.ActiveCfg = Debug|Any CPU
		{FAF75DC5-4106-4942-9A2D-53D2D843AC97}.Debug|Any CPU.Build.0 = Debug|Any CPU
		{FAF75DC5-4106-4942-9A2D-53D2D843AC97}.Release|Any CPU.ActiveCfg = Release|Any CPU
		{FAF75DC5-4106-4942-9A2D-53D2D843AC97}.Release|Any CPU.Build.0 = Release|Any CPU
		{DD06FF52-6B20-4C59-9795-2229470F61E9}.Debug|Any CPU.ActiveCfg = Debug|Any CPU
		{DD06FF52-6B20-4C59-9795-2229470F61E9}.Debug|Any CPU.Build.0 = Debug|Any CPU
		{DD06FF52-6B20-4C59-9795-2229470F61E9}.Release|Any CPU.ActiveCfg = Release|Any CPU
		{DD06FF52-6B20-4C59-9795-2229470F61E9}.Release|Any CPU.Build.0 = Release|Any CPU
		{380EB32F-2BF7-4719-9383-CB638C63E45B}.Debug|Any CPU.ActiveCfg = Debug|Any CPU
		{380EB32F-2BF7-4719-9383-CB638C63E45B}.Debug|Any CPU.Build.0 = Debug|Any CPU
		{380EB32F-2BF7-4719-9383-CB638C63E45B}.Release|Any CPU.ActiveCfg = Release|Any CPU
		{380EB32F-2BF7-4719-9383-CB638C63E45B}.Release|Any CPU.Build.0 = Release|Any CPU
		{AAE077A9-49AA-45DB-9773-426C45649935}.Debug|Any CPU.ActiveCfg = Debug|Any CPU
		{AAE077A9-49AA-45DB-9773-426C45649935}.Debug|Any CPU.Build.0 = Debug|Any CPU
		{AAE077A9-49AA-45DB-9773-426C45649935}.Release|Any CPU.ActiveCfg = Release|Any CPU
		{AAE077A9-49AA-45DB-9773-426C45649935}.Release|Any CPU.Build.0 = Release|Any CPU
		{0B4677A9-54A8-4374-8A2F-495EA1226B5F}.Debug|Any CPU.ActiveCfg = Debug|Any CPU
		{0B4677A9-54A8-4374-8A2F-495EA1226B5F}.Debug|Any CPU.Build.0 = Debug|Any CPU
		{0B4677A9-54A8-4374-8A2F-495EA1226B5F}.Release|Any CPU.ActiveCfg = Release|Any CPU
		{0B4677A9-54A8-4374-8A2F-495EA1226B5F}.Release|Any CPU.Build.0 = Release|Any CPU
		{413BAFFE-94C2-4094-BC04-C851962D0DD2}.Debug|Any CPU.ActiveCfg = Debug|Any CPU
		{413BAFFE-94C2-4094-BC04-C851962D0DD2}.Debug|Any CPU.Build.0 = Debug|Any CPU
		{413BAFFE-94C2-4094-BC04-C851962D0DD2}.Release|Any CPU.ActiveCfg = Release|Any CPU
		{413BAFFE-94C2-4094-BC04-C851962D0DD2}.Release|Any CPU.Build.0 = Release|Any CPU
		{21E9A92A-C92D-4C25-AA59-2C946D755F52}.Debug|Any CPU.ActiveCfg = Debug|Any CPU
		{21E9A92A-C92D-4C25-AA59-2C946D755F52}.Debug|Any CPU.Build.0 = Debug|Any CPU
		{21E9A92A-C92D-4C25-AA59-2C946D755F52}.Release|Any CPU.ActiveCfg = Release|Any CPU
		{21E9A92A-C92D-4C25-AA59-2C946D755F52}.Release|Any CPU.Build.0 = Release|Any CPU
		{95AE243C-DB3F-479F-AEF8-F60B411D7401}.Debug|Any CPU.ActiveCfg = Debug|Any CPU
		{95AE243C-DB3F-479F-AEF8-F60B411D7401}.Debug|Any CPU.Build.0 = Debug|Any CPU
		{95AE243C-DB3F-479F-AEF8-F60B411D7401}.Release|Any CPU.ActiveCfg = Release|Any CPU
		{95AE243C-DB3F-479F-AEF8-F60B411D7401}.Release|Any CPU.Build.0 = Release|Any CPU
		{EDD0E25F-82C3-4269-917C-86B4695F5927}.Debug|Any CPU.ActiveCfg = Debug|Any CPU
		{EDD0E25F-82C3-4269-917C-86B4695F5927}.Debug|Any CPU.Build.0 = Debug|Any CPU
		{EDD0E25F-82C3-4269-917C-86B4695F5927}.Release|Any CPU.ActiveCfg = Release|Any CPU
		{EDD0E25F-82C3-4269-917C-86B4695F5927}.Release|Any CPU.Build.0 = Release|Any CPU
		{AA597AF2-0DC8-4498-8859-FE2B8D30C7FD}.Debug|Any CPU.ActiveCfg = Debug|Any CPU
		{AA597AF2-0DC8-4498-8859-FE2B8D30C7FD}.Debug|Any CPU.Build.0 = Debug|Any CPU
		{AA597AF2-0DC8-4498-8859-FE2B8D30C7FD}.Release|Any CPU.ActiveCfg = Release|Any CPU
		{AA597AF2-0DC8-4498-8859-FE2B8D30C7FD}.Release|Any CPU.Build.0 = Release|Any CPU
		{752C1D84-C138-4478-9D0F-2516B005DFCB}.Debug|Any CPU.ActiveCfg = Debug|Any CPU
		{752C1D84-C138-4478-9D0F-2516B005DFCB}.Debug|Any CPU.Build.0 = Debug|Any CPU
		{752C1D84-C138-4478-9D0F-2516B005DFCB}.Release|Any CPU.ActiveCfg = Release|Any CPU
		{752C1D84-C138-4478-9D0F-2516B005DFCB}.Release|Any CPU.Build.0 = Release|Any CPU
		{740794FC-F8B4-48E8-A044-253249B6B6A1}.Debug|Any CPU.ActiveCfg = Debug|Any CPU
		{740794FC-F8B4-48E8-A044-253249B6B6A1}.Debug|Any CPU.Build.0 = Debug|Any CPU
		{740794FC-F8B4-48E8-A044-253249B6B6A1}.Release|Any CPU.ActiveCfg = Release|Any CPU
		{740794FC-F8B4-48E8-A044-253249B6B6A1}.Release|Any CPU.Build.0 = Release|Any CPU
		{FAC8DFC2-528D-4724-A80C-66B1F8B77103}.Debug|Any CPU.ActiveCfg = Debug|Any CPU
		{FAC8DFC2-528D-4724-A80C-66B1F8B77103}.Debug|Any CPU.Build.0 = Debug|Any CPU
		{FAC8DFC2-528D-4724-A80C-66B1F8B77103}.Release|Any CPU.ActiveCfg = Release|Any CPU
		{FAC8DFC2-528D-4724-A80C-66B1F8B77103}.Release|Any CPU.Build.0 = Release|Any CPU
		{78A7FE8D-9262-4E9F-840C-4C812F03A393}.Debug|Any CPU.ActiveCfg = Debug|Any CPU
		{78A7FE8D-9262-4E9F-840C-4C812F03A393}.Debug|Any CPU.Build.0 = Debug|Any CPU
		{78A7FE8D-9262-4E9F-840C-4C812F03A393}.Release|Any CPU.ActiveCfg = Release|Any CPU
		{78A7FE8D-9262-4E9F-840C-4C812F03A393}.Release|Any CPU.Build.0 = Release|Any CPU
		{469EB4C7-7142-4091-B589-308DE30B9590}.Debug|Any CPU.ActiveCfg = Debug|Any CPU
		{469EB4C7-7142-4091-B589-308DE30B9590}.Debug|Any CPU.Build.0 = Debug|Any CPU
		{469EB4C7-7142-4091-B589-308DE30B9590}.Release|Any CPU.ActiveCfg = Release|Any CPU
		{469EB4C7-7142-4091-B589-308DE30B9590}.Release|Any CPU.Build.0 = Release|Any CPU
		{44B0F086-F649-4976-B53F-6D32B1EB48A6}.Debug|Any CPU.ActiveCfg = Debug|Any CPU
		{44B0F086-F649-4976-B53F-6D32B1EB48A6}.Debug|Any CPU.Build.0 = Debug|Any CPU
		{44B0F086-F649-4976-B53F-6D32B1EB48A6}.Release|Any CPU.ActiveCfg = Release|Any CPU
		{44B0F086-F649-4976-B53F-6D32B1EB48A6}.Release|Any CPU.Build.0 = Release|Any CPU
		{A62D6D23-88A9-4366-ABA8-F835BA2D8FF2}.Debug|Any CPU.ActiveCfg = Debug|Any CPU
		{A62D6D23-88A9-4366-ABA8-F835BA2D8FF2}.Debug|Any CPU.Build.0 = Debug|Any CPU
		{A62D6D23-88A9-4366-ABA8-F835BA2D8FF2}.Release|Any CPU.ActiveCfg = Release|Any CPU
		{A62D6D23-88A9-4366-ABA8-F835BA2D8FF2}.Release|Any CPU.Build.0 = Release|Any CPU
		{A76E17B2-B58E-422C-A2D3-C33489AEA284}.Debug|Any CPU.ActiveCfg = Debug|Any CPU
		{A76E17B2-B58E-422C-A2D3-C33489AEA284}.Debug|Any CPU.Build.0 = Debug|Any CPU
		{A76E17B2-B58E-422C-A2D3-C33489AEA284}.Release|Any CPU.ActiveCfg = Release|Any CPU
		{A76E17B2-B58E-422C-A2D3-C33489AEA284}.Release|Any CPU.Build.0 = Release|Any CPU
		{B7DE3D8F-D8AA-4292-8230-1DB462F3CF34}.Debug|Any CPU.ActiveCfg = Debug|Any CPU
		{B7DE3D8F-D8AA-4292-8230-1DB462F3CF34}.Debug|Any CPU.Build.0 = Debug|Any CPU
		{B7DE3D8F-D8AA-4292-8230-1DB462F3CF34}.Release|Any CPU.ActiveCfg = Release|Any CPU
		{B7DE3D8F-D8AA-4292-8230-1DB462F3CF34}.Release|Any CPU.Build.0 = Release|Any CPU
		{8AA9C06B-220D-4E9D-B983-2BA67BB81A97}.Debug|Any CPU.ActiveCfg = Debug|Any CPU
		{8AA9C06B-220D-4E9D-B983-2BA67BB81A97}.Debug|Any CPU.Build.0 = Debug|Any CPU
		{8AA9C06B-220D-4E9D-B983-2BA67BB81A97}.Release|Any CPU.ActiveCfg = Release|Any CPU
		{8AA9C06B-220D-4E9D-B983-2BA67BB81A97}.Release|Any CPU.Build.0 = Release|Any CPU
		{133E9B13-C74C-4664-B65B-EA6FF1362D03}.Debug|Any CPU.ActiveCfg = Debug|Any CPU
		{133E9B13-C74C-4664-B65B-EA6FF1362D03}.Debug|Any CPU.Build.0 = Debug|Any CPU
		{133E9B13-C74C-4664-B65B-EA6FF1362D03}.Release|Any CPU.ActiveCfg = Release|Any CPU
		{133E9B13-C74C-4664-B65B-EA6FF1362D03}.Release|Any CPU.Build.0 = Release|Any CPU
		{A6982DF8-7CD8-4E8E-975B-2FAF7266D5BD}.Debug|Any CPU.ActiveCfg = Debug|Any CPU
		{A6982DF8-7CD8-4E8E-975B-2FAF7266D5BD}.Debug|Any CPU.Build.0 = Debug|Any CPU
		{A6982DF8-7CD8-4E8E-975B-2FAF7266D5BD}.Release|Any CPU.ActiveCfg = Release|Any CPU
		{A6982DF8-7CD8-4E8E-975B-2FAF7266D5BD}.Release|Any CPU.Build.0 = Release|Any CPU
		{97B5F3EF-E63D-4C5D-8C09-C7B9B9216D0B}.Debug|Any CPU.ActiveCfg = Debug|Any CPU
		{97B5F3EF-E63D-4C5D-8C09-C7B9B9216D0B}.Debug|Any CPU.Build.0 = Debug|Any CPU
		{97B5F3EF-E63D-4C5D-8C09-C7B9B9216D0B}.Release|Any CPU.ActiveCfg = Release|Any CPU
		{97B5F3EF-E63D-4C5D-8C09-C7B9B9216D0B}.Release|Any CPU.Build.0 = Release|Any CPU
		{DD0E63AF-5608-4139-9BAC-115944644011}.Debug|Any CPU.ActiveCfg = Debug|Any CPU
		{DD0E63AF-5608-4139-9BAC-115944644011}.Debug|Any CPU.Build.0 = Debug|Any CPU
		{DD0E63AF-5608-4139-9BAC-115944644011}.Release|Any CPU.ActiveCfg = Release|Any CPU
		{DD0E63AF-5608-4139-9BAC-115944644011}.Release|Any CPU.Build.0 = Release|Any CPU
		{92E95202-00E2-4157-8B0E-DFEF17E96F0F}.Debug|Any CPU.ActiveCfg = Debug|Any CPU
		{92E95202-00E2-4157-8B0E-DFEF17E96F0F}.Debug|Any CPU.Build.0 = Debug|Any CPU
		{92E95202-00E2-4157-8B0E-DFEF17E96F0F}.Release|Any CPU.ActiveCfg = Release|Any CPU
		{92E95202-00E2-4157-8B0E-DFEF17E96F0F}.Release|Any CPU.Build.0 = Release|Any CPU
		{DEBA9B74-B77A-4475-AF90-8ACD6CDE8516}.Debug|Any CPU.ActiveCfg = Debug|Any CPU
		{DEBA9B74-B77A-4475-AF90-8ACD6CDE8516}.Debug|Any CPU.Build.0 = Debug|Any CPU
		{DEBA9B74-B77A-4475-AF90-8ACD6CDE8516}.Release|Any CPU.ActiveCfg = Release|Any CPU
		{DEBA9B74-B77A-4475-AF90-8ACD6CDE8516}.Release|Any CPU.Build.0 = Release|Any CPU
		{605F3688-FDC8-4C47-B621-9D6C2B684288}.Debug|Any CPU.ActiveCfg = Debug|Any CPU
		{605F3688-FDC8-4C47-B621-9D6C2B684288}.Debug|Any CPU.Build.0 = Debug|Any CPU
		{605F3688-FDC8-4C47-B621-9D6C2B684288}.Release|Any CPU.ActiveCfg = Release|Any CPU
		{605F3688-FDC8-4C47-B621-9D6C2B684288}.Release|Any CPU.Build.0 = Release|Any CPU
		{DAFE20F1-BA8D-47DD-9562-1227FC9D049F}.Debug|Any CPU.ActiveCfg = Debug|Any CPU
		{DAFE20F1-BA8D-47DD-9562-1227FC9D049F}.Debug|Any CPU.Build.0 = Debug|Any CPU
		{DAFE20F1-BA8D-47DD-9562-1227FC9D049F}.Release|Any CPU.ActiveCfg = Release|Any CPU
		{DAFE20F1-BA8D-47DD-9562-1227FC9D049F}.Release|Any CPU.Build.0 = Release|Any CPU
		{8D87CD31-BC14-41ED-8028-543715D3EAF4}.Debug|Any CPU.ActiveCfg = Debug|Any CPU
		{8D87CD31-BC14-41ED-8028-543715D3EAF4}.Debug|Any CPU.Build.0 = Debug|Any CPU
		{8D87CD31-BC14-41ED-8028-543715D3EAF4}.Release|Any CPU.ActiveCfg = Release|Any CPU
		{8D87CD31-BC14-41ED-8028-543715D3EAF4}.Release|Any CPU.Build.0 = Release|Any CPU
		{53289289-6DFE-4F6F-B8E6-02FA24F5A856}.Debug|Any CPU.ActiveCfg = Debug|Any CPU
		{53289289-6DFE-4F6F-B8E6-02FA24F5A856}.Debug|Any CPU.Build.0 = Debug|Any CPU
		{53289289-6DFE-4F6F-B8E6-02FA24F5A856}.Release|Any CPU.ActiveCfg = Release|Any CPU
		{53289289-6DFE-4F6F-B8E6-02FA24F5A856}.Release|Any CPU.Build.0 = Release|Any CPU
		{6E283491-F6FC-421D-869E-41273B718F0A}.Debug|Any CPU.ActiveCfg = Debug|Any CPU
		{6E283491-F6FC-421D-869E-41273B718F0A}.Debug|Any CPU.Build.0 = Debug|Any CPU
		{6E283491-F6FC-421D-869E-41273B718F0A}.Release|Any CPU.ActiveCfg = Release|Any CPU
		{6E283491-F6FC-421D-869E-41273B718F0A}.Release|Any CPU.Build.0 = Release|Any CPU
		{96D56E8C-3E82-4BE6-94E7-7BA5AE22BB33}.Debug|Any CPU.ActiveCfg = Debug|Any CPU
		{96D56E8C-3E82-4BE6-94E7-7BA5AE22BB33}.Debug|Any CPU.Build.0 = Debug|Any CPU
		{96D56E8C-3E82-4BE6-94E7-7BA5AE22BB33}.Release|Any CPU.ActiveCfg = Release|Any CPU
		{96D56E8C-3E82-4BE6-94E7-7BA5AE22BB33}.Release|Any CPU.Build.0 = Release|Any CPU
		{49A31EEC-896D-4661-89E5-1972500F68FC}.Debug|Any CPU.ActiveCfg = Debug|Any CPU
		{49A31EEC-896D-4661-89E5-1972500F68FC}.Debug|Any CPU.Build.0 = Debug|Any CPU
		{49A31EEC-896D-4661-89E5-1972500F68FC}.Release|Any CPU.ActiveCfg = Release|Any CPU
		{49A31EEC-896D-4661-89E5-1972500F68FC}.Release|Any CPU.Build.0 = Release|Any CPU
		{9F4E47A2-210B-45DA-B581-0631C6CBEB45}.Debug|Any CPU.ActiveCfg = Debug|Any CPU
		{9F4E47A2-210B-45DA-B581-0631C6CBEB45}.Debug|Any CPU.Build.0 = Debug|Any CPU
		{9F4E47A2-210B-45DA-B581-0631C6CBEB45}.Release|Any CPU.ActiveCfg = Release|Any CPU
		{9F4E47A2-210B-45DA-B581-0631C6CBEB45}.Release|Any CPU.Build.0 = Release|Any CPU
		{CDAFADCA-30EC-40D0-8FA5-4ABC54D66241}.Debug|Any CPU.ActiveCfg = Debug|Any CPU
		{CDAFADCA-30EC-40D0-8FA5-4ABC54D66241}.Debug|Any CPU.Build.0 = Debug|Any CPU
		{CDAFADCA-30EC-40D0-8FA5-4ABC54D66241}.Release|Any CPU.ActiveCfg = Release|Any CPU
		{CDAFADCA-30EC-40D0-8FA5-4ABC54D66241}.Release|Any CPU.Build.0 = Release|Any CPU
		{B1242B9B-C2CD-47B3-806A-42A0EB143F95}.Debug|Any CPU.ActiveCfg = Debug|Any CPU
		{B1242B9B-C2CD-47B3-806A-42A0EB143F95}.Debug|Any CPU.Build.0 = Debug|Any CPU
		{B1242B9B-C2CD-47B3-806A-42A0EB143F95}.Release|Any CPU.ActiveCfg = Release|Any CPU
		{B1242B9B-C2CD-47B3-806A-42A0EB143F95}.Release|Any CPU.Build.0 = Release|Any CPU
		{9D1E5217-D174-43D3-A57F-D138FA119B81}.Debug|Any CPU.ActiveCfg = Debug|Any CPU
		{9D1E5217-D174-43D3-A57F-D138FA119B81}.Debug|Any CPU.Build.0 = Debug|Any CPU
		{9D1E5217-D174-43D3-A57F-D138FA119B81}.Release|Any CPU.ActiveCfg = Release|Any CPU
		{9D1E5217-D174-43D3-A57F-D138FA119B81}.Release|Any CPU.Build.0 = Release|Any CPU
		{A92FA3C2-0241-4CEC-B7DF-4423E2D783CB}.Debug|Any CPU.ActiveCfg = Debug|Any CPU
		{A92FA3C2-0241-4CEC-B7DF-4423E2D783CB}.Debug|Any CPU.Build.0 = Debug|Any CPU
		{A92FA3C2-0241-4CEC-B7DF-4423E2D783CB}.Release|Any CPU.ActiveCfg = Release|Any CPU
		{A92FA3C2-0241-4CEC-B7DF-4423E2D783CB}.Release|Any CPU.Build.0 = Release|Any CPU
		{21D84612-4755-46DE-9903-F3C5FFBD4210}.Debug|Any CPU.ActiveCfg = Debug|Any CPU
		{21D84612-4755-46DE-9903-F3C5FFBD4210}.Debug|Any CPU.Build.0 = Debug|Any CPU
		{21D84612-4755-46DE-9903-F3C5FFBD4210}.Release|Any CPU.ActiveCfg = Release|Any CPU
		{21D84612-4755-46DE-9903-F3C5FFBD4210}.Release|Any CPU.Build.0 = Release|Any CPU
		{716CA6AF-87CD-4175-8431-7A1A90AF319A}.Debug|Any CPU.ActiveCfg = Debug|Any CPU
		{716CA6AF-87CD-4175-8431-7A1A90AF319A}.Debug|Any CPU.Build.0 = Debug|Any CPU
		{716CA6AF-87CD-4175-8431-7A1A90AF319A}.Release|Any CPU.ActiveCfg = Release|Any CPU
		{716CA6AF-87CD-4175-8431-7A1A90AF319A}.Release|Any CPU.Build.0 = Release|Any CPU
	EndGlobalSection
	GlobalSection(SolutionProperties) = preSolution
		HideSolutionNode = FALSE
	EndGlobalSection
	GlobalSection(NestedProjects) = preSolution
		{ECEF5396-D6AA-43F8-A692-4CE94C3112D7} = {27660AD0-CFEE-4DB4-9931-18803A26A7D3}
		{320D9ECF-16EC-4D7C-BE85-AFEE725D033B} = {ECEF5396-D6AA-43F8-A692-4CE94C3112D7}
		{39863508-4402-41E1-8FF8-578BCA871695} = {320D9ECF-16EC-4D7C-BE85-AFEE725D033B}
		{19C1978F-7794-4DD3-B51E-DDB3C5F2F3C9} = {27660AD0-CFEE-4DB4-9931-18803A26A7D3}
		{F7A71D95-A7D5-455F-B962-D0FD85E8A5E1} = {19C1978F-7794-4DD3-B51E-DDB3C5F2F3C9}
		{1576A739-73F3-4C61-8187-A8B68B3073B4} = {F7A71D95-A7D5-455F-B962-D0FD85E8A5E1}
		{E969DC73-55DD-4805-B6B5-4B429B62DBFB} = {27660AD0-CFEE-4DB4-9931-18803A26A7D3}
		{84DF56D7-2DBF-4B8D-B2C6-B7FD111F79CB} = {E969DC73-55DD-4805-B6B5-4B429B62DBFB}
		{383354D1-482F-43EF-8CC1-A7D93946D00B} = {84DF56D7-2DBF-4B8D-B2C6-B7FD111F79CB}
		{BC3EA7F1-D14F-4A61-ADDC-4657CBE543E8} = {27660AD0-CFEE-4DB4-9931-18803A26A7D3}
		{D046849E-1F56-4846-A29A-39964C3F93D4} = {BC3EA7F1-D14F-4A61-ADDC-4657CBE543E8}
		{931A1000-0E23-4502-910D-790E6ED54BE5} = {D046849E-1F56-4846-A29A-39964C3F93D4}
		{2B8B5170-D38D-4D60-891A-317BA3C73543} = {27660AD0-CFEE-4DB4-9931-18803A26A7D3}
		{E25A53D4-6928-448D-9518-030A55840F7B} = {2B8B5170-D38D-4D60-891A-317BA3C73543}
		{92F97D96-0C33-44B8-8769-79CBA8D59052} = {E25A53D4-6928-448D-9518-030A55840F7B}
		{F3CE7B68-A71E-4198-A6A1-418FBC2C1CD9} = {27660AD0-CFEE-4DB4-9931-18803A26A7D3}
		{1CA18124-475F-4DAF-8B88-EB572D4BDEFB} = {F3CE7B68-A71E-4198-A6A1-418FBC2C1CD9}
		{BB8A46FB-55AD-4E00-ACD6-7EA6A05F4738} = {1CA18124-475F-4DAF-8B88-EB572D4BDEFB}
		{62127B0A-6DE9-47AE-8FB6-95344F12D242} = {27660AD0-CFEE-4DB4-9931-18803A26A7D3}
		{A69ACBAE-B083-426B-BD6F-F9DEE544578F} = {27660AD0-CFEE-4DB4-9931-18803A26A7D3}
		{D5E0F61E-41BC-467C-827E-302C6FEBBEC1} = {A69ACBAE-B083-426B-BD6F-F9DEE544578F}
		{B3BA81D1-C685-4F4B-A655-A6758431E2DB} = {D5E0F61E-41BC-467C-827E-302C6FEBBEC1}
		{96706EC2-25CB-4C38-992D-6FD2C559BB33} = {27660AD0-CFEE-4DB4-9931-18803A26A7D3}
		{47B25EEE-F281-4C96-94E1-51E311DC5ECE} = {96706EC2-25CB-4C38-992D-6FD2C559BB33}
		{44AA62C2-5287-4F50-8486-A500EFB605EC} = {47B25EEE-F281-4C96-94E1-51E311DC5ECE}
		{0CA52A56-81EC-46DE-B9AE-F3D2921D28D8} = {27660AD0-CFEE-4DB4-9931-18803A26A7D3}
		{1EF6C463-95CA-4519-B3AA-831732C8734A} = {0CA52A56-81EC-46DE-B9AE-F3D2921D28D8}
		{13720CB0-26B6-46D8-A719-92486A16EECF} = {1EF6C463-95CA-4519-B3AA-831732C8734A}
		{C54FEF0C-6277-4951-9FDC-761A3B4D7896} = {27660AD0-CFEE-4DB4-9931-18803A26A7D3}
		{9DD65BBD-49A8-4411-88F1-FC8EE9F63B29} = {C54FEF0C-6277-4951-9FDC-761A3B4D7896}
		{15FF328D-FF38-4D1B-803A-5E4DC3400E70} = {9DD65BBD-49A8-4411-88F1-FC8EE9F63B29}
		{1CC0BFC3-052A-4715-887E-D4DEB3A54620} = {27660AD0-CFEE-4DB4-9931-18803A26A7D3}
		{29B15000-BA8F-4E46-87DF-09BAB822836A} = {1CC0BFC3-052A-4715-887E-D4DEB3A54620}
		{FAF75DC5-4106-4942-9A2D-53D2D843AC97} = {29B15000-BA8F-4E46-87DF-09BAB822836A}
		{49518C99-FE8F-41D3-B4A4-9407B3A81613} = {27660AD0-CFEE-4DB4-9931-18803A26A7D3}
		{DE95C93E-6995-49A9-B1D5-21DE000CD046} = {27660AD0-CFEE-4DB4-9931-18803A26A7D3}
		{884E0870-8EFD-4FEA-B0B9-F406E9027CC3} = {49518C99-FE8F-41D3-B4A4-9407B3A81613}
		{8A882F52-8014-43D4-B13D-76C9E27B75B7} = {DE95C93E-6995-49A9-B1D5-21DE000CD046}
		{DD06FF52-6B20-4C59-9795-2229470F61E9} = {8A882F52-8014-43D4-B13D-76C9E27B75B7}
		{380EB32F-2BF7-4719-9383-CB638C63E45B} = {884E0870-8EFD-4FEA-B0B9-F406E9027CC3}
		{2905F745-4398-462B-90F9-8E0B7B6908B4} = {27660AD0-CFEE-4DB4-9931-18803A26A7D3}
		{021D8554-238F-4198-BE34-6C8CAA7CC906} = {27660AD0-CFEE-4DB4-9931-18803A26A7D3}
		{038D9294-42B8-44C0-B9A1-127F0FA0452D} = {2905F745-4398-462B-90F9-8E0B7B6908B4}
		{162E0335-A728-4F29-8C95-5323B86D0417} = {021D8554-238F-4198-BE34-6C8CAA7CC906}
		{AAE077A9-49AA-45DB-9773-426C45649935} = {038D9294-42B8-44C0-B9A1-127F0FA0452D}
		{0B4677A9-54A8-4374-8A2F-495EA1226B5F} = {162E0335-A728-4F29-8C95-5323B86D0417}
		{333C55DF-3249-4DA6-BBA3-C10F3B24A7E8} = {27660AD0-CFEE-4DB4-9931-18803A26A7D3}
		{3C3137F9-6B1D-4F6A-9B0F-B58236220E4E} = {333C55DF-3249-4DA6-BBA3-C10F3B24A7E8}
		{413BAFFE-94C2-4094-BC04-C851962D0DD2} = {3C3137F9-6B1D-4F6A-9B0F-B58236220E4E}
		{FBA1037E-78AA-442D-A370-0DC362D6ECF9} = {27660AD0-CFEE-4DB4-9931-18803A26A7D3}
		{A2FB4A1C-6E7C-48DD-B597-AA863CD7FDE5} = {FBA1037E-78AA-442D-A370-0DC362D6ECF9}
		{21E9A92A-C92D-4C25-AA59-2C946D755F52} = {A2FB4A1C-6E7C-48DD-B597-AA863CD7FDE5}
		{2F1BACA1-B0CA-4CA8-82A5-B152B2462039} = {27660AD0-CFEE-4DB4-9931-18803A26A7D3}
		{FF9BDD92-D219-4217-AC6C-141001D58003} = {2F1BACA1-B0CA-4CA8-82A5-B152B2462039}
		{C6B0B583-3C1D-4534-B51E-2C991DA6F412} = {27660AD0-CFEE-4DB4-9931-18803A26A7D3}
		{4047D185-50F7-40F2-8ADF-0BAEE792FF2E} = {C6B0B583-3C1D-4534-B51E-2C991DA6F412}
		{95AE243C-DB3F-479F-AEF8-F60B411D7401} = {FF9BDD92-D219-4217-AC6C-141001D58003}
		{EDD0E25F-82C3-4269-917C-86B4695F5927} = {4047D185-50F7-40F2-8ADF-0BAEE792FF2E}
		{BE93C6EF-1548-404A-9CCA-A89E8014C4D4} = {27660AD0-CFEE-4DB4-9931-18803A26A7D3}
		{83CABF6A-AD2A-40F6-B17F-3281B5076D5B} = {BE93C6EF-1548-404A-9CCA-A89E8014C4D4}
		{AA597AF2-0DC8-4498-8859-FE2B8D30C7FD} = {83CABF6A-AD2A-40F6-B17F-3281B5076D5B}
		{80174F03-A59F-4AE1-88F1-6D9AF7B0FCD0} = {27660AD0-CFEE-4DB4-9931-18803A26A7D3}
		{A7681613-1D25-491D-A478-225FAA09727B} = {80174F03-A59F-4AE1-88F1-6D9AF7B0FCD0}
		{752C1D84-C138-4478-9D0F-2516B005DFCB} = {A7681613-1D25-491D-A478-225FAA09727B}
		{9B235ABD-DEEE-441E-AEFA-1022B3DB1E6B} = {C458A135-7436-40EF-AAA1-23D1A55637E9}
		{35401914-10DC-46C6-A08E-9F87EE52298C} = {9B235ABD-DEEE-441E-AEFA-1022B3DB1E6B}
		{1C928D38-EDBC-4081-8E5C-49284097829D} = {35401914-10DC-46C6-A08E-9F87EE52298C}
		{F66D3D7C-EAAF-4050-AB82-3E06E11B6770} = {1C928D38-EDBC-4081-8E5C-49284097829D}
		{2AAB1F27-EF74-4CB4-9328-03A267D0E9E0} = {1C928D38-EDBC-4081-8E5C-49284097829D}
		{740794FC-F8B4-48E8-A044-253249B6B6A1} = {F66D3D7C-EAAF-4050-AB82-3E06E11B6770}
		{FAC8DFC2-528D-4724-A80C-66B1F8B77103} = {F66D3D7C-EAAF-4050-AB82-3E06E11B6770}
		{78A7FE8D-9262-4E9F-840C-4C812F03A393} = {F66D3D7C-EAAF-4050-AB82-3E06E11B6770}
		{469EB4C7-7142-4091-B589-308DE30B9590} = {F66D3D7C-EAAF-4050-AB82-3E06E11B6770}
		{8D2B98F2-E423-4128-B198-BC99F227A545} = {35401914-10DC-46C6-A08E-9F87EE52298C}
		{D9FE616C-B39A-45EB-A540-BE750EE12373} = {8D2B98F2-E423-4128-B198-BC99F227A545}
		{B893AF89-8C7D-4C34-B9C5-F9CD569E2CB2} = {8D2B98F2-E423-4128-B198-BC99F227A545}
		{44B0F086-F649-4976-B53F-6D32B1EB48A6} = {D9FE616C-B39A-45EB-A540-BE750EE12373}
		{A62D6D23-88A9-4366-ABA8-F835BA2D8FF2} = {D9FE616C-B39A-45EB-A540-BE750EE12373}
		{A76E17B2-B58E-422C-A2D3-C33489AEA284} = {D9FE616C-B39A-45EB-A540-BE750EE12373}
		{B7DE3D8F-D8AA-4292-8230-1DB462F3CF34} = {D9FE616C-B39A-45EB-A540-BE750EE12373}
		{00D5C9B7-CC72-47BA-B325-E5F73E55B13E} = {35401914-10DC-46C6-A08E-9F87EE52298C}
		{C1849BFA-9191-47DE-B0F0-E4FECABBADB6} = {35401914-10DC-46C6-A08E-9F87EE52298C}
		{ADEF7793-F9FA-43B1-83B7-FD8C3EE4FE6F} = {00D5C9B7-CC72-47BA-B325-E5F73E55B13E}
		{43B8DD06-342F-4694-AC48-94962CAB2488} = {00D5C9B7-CC72-47BA-B325-E5F73E55B13E}
		{07E7A29B-914D-4AE7-A8C3-8DF654A729B4} = {C1849BFA-9191-47DE-B0F0-E4FECABBADB6}
		{EFE0BBC6-6684-4C70-8D49-1DC6C51842E8} = {C1849BFA-9191-47DE-B0F0-E4FECABBADB6}
		{8AA9C06B-220D-4E9D-B983-2BA67BB81A97} = {07E7A29B-914D-4AE7-A8C3-8DF654A729B4}
		{133E9B13-C74C-4664-B65B-EA6FF1362D03} = {07E7A29B-914D-4AE7-A8C3-8DF654A729B4}
		{A6982DF8-7CD8-4E8E-975B-2FAF7266D5BD} = {07E7A29B-914D-4AE7-A8C3-8DF654A729B4}
		{97B5F3EF-E63D-4C5D-8C09-C7B9B9216D0B} = {07E7A29B-914D-4AE7-A8C3-8DF654A729B4}
		{DD0E63AF-5608-4139-9BAC-115944644011} = {ADEF7793-F9FA-43B1-83B7-FD8C3EE4FE6F}
		{92E95202-00E2-4157-8B0E-DFEF17E96F0F} = {ADEF7793-F9FA-43B1-83B7-FD8C3EE4FE6F}
		{DEBA9B74-B77A-4475-AF90-8ACD6CDE8516} = {ADEF7793-F9FA-43B1-83B7-FD8C3EE4FE6F}
		{605F3688-FDC8-4C47-B621-9D6C2B684288} = {ADEF7793-F9FA-43B1-83B7-FD8C3EE4FE6F}
		{3BA16826-979C-45D3-9E17-54295EFCF1CF} = {9B235ABD-DEEE-441E-AEFA-1022B3DB1E6B}
		{AA3B702C-BAF6-489E-A251-9BDAD726F5B6} = {3BA16826-979C-45D3-9E17-54295EFCF1CF}
		{23A76B16-D48C-4F48-A59E-C2FA7DA3ED8B} = {62127B0A-6DE9-47AE-8FB6-95344F12D242}
		{D39A6037-3700-4F37-B5E5-174ECE3C4320} = {23A76B16-D48C-4F48-A59E-C2FA7DA3ED8B}
		{17D0844A-10A2-4E6E-8B0B-4AAD60AB002C} = {27660AD0-CFEE-4DB4-9931-18803A26A7D3}
		{F90C1362-27A0-4CEF-88FA-2A206D2B42D1} = {17D0844A-10A2-4E6E-8B0B-4AAD60AB002C}
		{DAFE20F1-BA8D-47DD-9562-1227FC9D049F} = {F90C1362-27A0-4CEF-88FA-2A206D2B42D1}
		{FD61844B-5432-4F1E-96E0-97E89AC8572F} = {35401914-10DC-46C6-A08E-9F87EE52298C}
		{8A441FBB-4A35-47C3-9EB5-09F613091FDF} = {FD61844B-5432-4F1E-96E0-97E89AC8572F}
		{6F421955-A168-439B-B5D6-8B16B4C44ADE} = {FD61844B-5432-4F1E-96E0-97E89AC8572F}
		{8D87CD31-BC14-41ED-8028-543715D3EAF4} = {8A441FBB-4A35-47C3-9EB5-09F613091FDF}
		{53289289-6DFE-4F6F-B8E6-02FA24F5A856} = {8A441FBB-4A35-47C3-9EB5-09F613091FDF}
		{6E283491-F6FC-421D-869E-41273B718F0A} = {8A441FBB-4A35-47C3-9EB5-09F613091FDF}
		{96D56E8C-3E82-4BE6-94E7-7BA5AE22BB33} = {8A441FBB-4A35-47C3-9EB5-09F613091FDF}
		{14ABEE21-EC1E-4AFF-BE6F-E272594C597C} = {35401914-10DC-46C6-A08E-9F87EE52298C}
		{BF090F4E-A81A-4B3A-BA7F-846012153E68} = {14ABEE21-EC1E-4AFF-BE6F-E272594C597C}
		{49A31EEC-896D-4661-89E5-1972500F68FC} = {BF090F4E-A81A-4B3A-BA7F-846012153E68}
		{9F4E47A2-210B-45DA-B581-0631C6CBEB45} = {BF090F4E-A81A-4B3A-BA7F-846012153E68}
		{CDAFADCA-30EC-40D0-8FA5-4ABC54D66241} = {BF090F4E-A81A-4B3A-BA7F-846012153E68}
		{B1242B9B-C2CD-47B3-806A-42A0EB143F95} = {BF090F4E-A81A-4B3A-BA7F-846012153E68}
		{A30DA3E9-5C23-4814-9B9B-4C6DFA43CA24} = {35401914-10DC-46C6-A08E-9F87EE52298C}
		{EE448D11-0DCD-442C-A3FF-C92A9E220DF0} = {A30DA3E9-5C23-4814-9B9B-4C6DFA43CA24}
		{05923FD6-B653-469E-9C37-11A3FE6AC7DA} = {A30DA3E9-5C23-4814-9B9B-4C6DFA43CA24}
		{9D1E5217-D174-43D3-A57F-D138FA119B81} = {EE448D11-0DCD-442C-A3FF-C92A9E220DF0}
		{A92FA3C2-0241-4CEC-B7DF-4423E2D783CB} = {EE448D11-0DCD-442C-A3FF-C92A9E220DF0}
		{21D84612-4755-46DE-9903-F3C5FFBD4210} = {EE448D11-0DCD-442C-A3FF-C92A9E220DF0}
		{716CA6AF-87CD-4175-8431-7A1A90AF319A} = {EE448D11-0DCD-442C-A3FF-C92A9E220DF0}
	EndGlobalSection
	GlobalSection(ExtensibilityGlobals) = postSolution
		SolutionGuid = {0BD1658A-F18C-408B-B206-A21057A6E039}
	EndGlobalSection
EndGlobal
