
Microsoft Visual Studio Solution File, Format Version 12.00
# Visual Studio Version 17
VisualStudioVersion = 17.0.31903.59
MinimumVisualStudioVersion = 10.0.40219.1
Project("{2150E333-8FDC-42A3-9474-1A3956D46DE8}") = "src", "src", "{27660AD0-CFEE-4DB4-9931-18803A26A7D3}"
EndProject
Project("{2150E333-8FDC-42A3-9474-1A3956D46DE8}") = "Jalpan", "Jalpan", "{ECEF5396-D6AA-43F8-A692-4CE94C3112D7}"
EndProject
Project("{2150E333-8FDC-42A3-9474-1A3956D46DE8}") = "src", "src", "{320D9ECF-16EC-4D7C-BE85-AFEE725D033B}"
EndProject
Project("{9A19103F-16F7-4668-BE54-9A1E7A4F7556}") = "Jalpan", "src\Jalpan\src\Jalpan\Jalpan.csproj", "{39863508-4402-41E1-8FF8-578BCA871695}"
EndProject
Project("{2150E333-8FDC-42A3-9474-1A3956D46DE8}") = "Jalpan.Auth", "Jalpan.Auth", "{19C1978F-7794-4DD3-B51E-DDB3C5F2F3C9}"
EndProject
Project("{2150E333-8FDC-42A3-9474-1A3956D46DE8}") = "src", "src", "{F7A71D95-A7D5-455F-B962-D0FD85E8A5E1}"
EndProject
Project("{9A19103F-16F7-4668-BE54-9A1E7A4F7556}") = "Jalpan.Auth", "src\Jalpan.Auth\src\Jalpan.Auth\Jalpan.Auth.csproj", "{1576A739-73F3-4C61-8187-A8B68B3073B4}"
EndProject
Project("{2150E333-8FDC-42A3-9474-1A3956D46DE8}") = "Jalpan.HTTP", "Jalpan.HTTP", "{E969DC73-55DD-4805-B6B5-4B429B62DBFB}"
EndProject
Project("{2150E333-8FDC-42A3-9474-1A3956D46DE8}") = "src", "src", "{84DF56D7-2DBF-4B8D-B2C6-B7FD111F79CB}"
EndProject
Project("{9A19103F-16F7-4668-BE54-9A1E7A4F7556}") = "Jalpan.HTTP", "src\Jalpan.HTTP\src\Jalpan.HTTP\Jalpan.HTTP.csproj", "{383354D1-482F-43EF-8CC1-A7D93946D00B}"
EndProject
Project("{2150E333-8FDC-42A3-9474-1A3956D46DE8}") = "Jalpan.Logging.Serilog", "Jalpan.Logging.Serilog", "{BC3EA7F1-D14F-4A61-ADDC-4657CBE543E8}"
EndProject
Project("{2150E333-8FDC-42A3-9474-1A3956D46DE8}") = "src", "src", "{D046849E-1F56-4846-A29A-39964C3F93D4}"
EndProject
Project("{9A19103F-16F7-4668-BE54-9A1E7A4F7556}") = "Jalpan.Logging.Serilog", "src\Jalpan.Logging.Serilog\src\Jalpan.Logging.Serilog\Jalpan.Logging.Serilog.csproj", "{931A1000-0E23-4502-910D-790E6ED54BE5}"
EndProject
Project("{2150E333-8FDC-42A3-9474-1A3956D46DE8}") = "Jalpan.Persistance.Redis", "Jalpan.Persistance.Redis", "{2B8B5170-D38D-4D60-891A-317BA3C73543}"
EndProject
Project("{2150E333-8FDC-42A3-9474-1A3956D46DE8}") = "src", "src", "{E25A53D4-6928-448D-9518-030A55840F7B}"
EndProject
Project("{9A19103F-16F7-4668-BE54-9A1E7A4F7556}") = "Jalpan.Persistance.Redis", "src\Jalpan.Persistance.Redis\src\Jalpan.Persistance.Redis\Jalpan.Persistance.Redis.csproj", "{92F97D96-0C33-44B8-8769-79CBA8D59052}"
EndProject
Project("{2150E333-8FDC-42A3-9474-1A3956D46DE8}") = "Jalpan.Persistance.MongoDB", "Jalpan.Persistance.MongoDB", "{F3CE7B68-A71E-4198-A6A1-418FBC2C1CD9}"
EndProject
Project("{2150E333-8FDC-42A3-9474-1A3956D46DE8}") = "src", "src", "{1CA18124-475F-4DAF-8B88-EB572D4BDEFB}"
EndProject
Project("{9A19103F-16F7-4668-BE54-9A1E7A4F7556}") = "Jalpan.Persistance.MongoDB", "src\Jalpan.Persistance.MongoDB\src\Jalpan.Persistance.MongoDB\Jalpan.Persistance.MongoDB.csproj", "{BB8A46FB-55AD-4E00-ACD6-7EA6A05F4738}"
EndProject
Project("{2150E333-8FDC-42A3-9474-1A3956D46DE8}") = "Jalpan.WebApi", "Jalpan.WebApi", "{62127B0A-6DE9-47AE-8FB6-95344F12D242}"
EndProject
Project("{9A19103F-16F7-4668-BE54-9A1E7A4F7556}") = "Jalpan.WebApi", "src\Jalpan.WebApi\src\Jalpan.WebApi\Jalpan.WebApi.csproj", "{D39A6037-3700-4F37-B5E5-174ECE3C4320}"
EndProject
Project("{2150E333-8FDC-42A3-9474-1A3956D46DE8}") = "Jalpan.Discovery.Consul", "Jalpan.Discovery.Consul", "{A69ACBAE-B083-426B-BD6F-F9DEE544578F}"
EndProject
Project("{2150E333-8FDC-42A3-9474-1A3956D46DE8}") = "src", "src", "{D5E0F61E-41BC-467C-827E-302C6FEBBEC1}"
EndProject
Project("{9A19103F-16F7-4668-BE54-9A1E7A4F7556}") = "Jalpan.Discovery.Consul", "src\Jalpan.Discovery.Consul\src\Jalpan.Discovery.Consul\Jalpan.Discovery.Consul.csproj", "{B3BA81D1-C685-4F4B-A655-A6758431E2DB}"
EndProject
Project("{2150E333-8FDC-42A3-9474-1A3956D46DE8}") = "Jalpan.Security", "Jalpan.Security", "{96706EC2-25CB-4C38-992D-6FD2C559BB33}"
EndProject
Project("{2150E333-8FDC-42A3-9474-1A3956D46DE8}") = "src", "src", "{47B25EEE-F281-4C96-94E1-51E311DC5ECE}"
EndProject
Project("{9A19103F-16F7-4668-BE54-9A1E7A4F7556}") = "Jalpan.Security", "src\Jalpan.Security\src\Jalpan.Security\Jalpan.Security.csproj", "{44AA62C2-5287-4F50-8486-A500EFB605EC}"
EndProject
Project("{2150E333-8FDC-42A3-9474-1A3956D46DE8}") = "Jalpan.Contexts", "Jalpan.Contexts", "{0CA52A56-81EC-46DE-B9AE-F3D2921D28D8}"
EndProject
Project("{2150E333-8FDC-42A3-9474-1A3956D46DE8}") = "src", "src", "{1EF6C463-95CA-4519-B3AA-831732C8734A}"
EndProject
Project("{9A19103F-16F7-4668-BE54-9A1E7A4F7556}") = "Jalpan.Contexts", "src\Jalpan.Contexts\src\Jalpan.Contexts\Jalpan.Contexts.csproj", "{13720CB0-26B6-46D8-A719-92486A16EECF}"
EndProject
Project("{2150E333-8FDC-42A3-9474-1A3956D46DE8}") = "Jalpan.Messaging", "Jalpan.Messaging", "{C54FEF0C-6277-4951-9FDC-761A3B4D7896}"
EndProject
Project("{2150E333-8FDC-42A3-9474-1A3956D46DE8}") = "src", "src", "{9DD65BBD-49A8-4411-88F1-FC8EE9F63B29}"
EndProject
Project("{9A19103F-16F7-4668-BE54-9A1E7A4F7556}") = "Jalpan.Messaging", "src\Jalpan.MessageBrokers\src\Jalpan.MessageBrokers\Jalpan.Messaging.csproj", "{15FF328D-FF38-4D1B-803A-5E4DC3400E70}"
EndProject
Project("{2150E333-8FDC-42A3-9474-1A3956D46DE8}") = "Jalpan.LoadBalancing.Fabio", "Jalpan.LoadBalancing.Fabio", "{1CC0BFC3-052A-4715-887E-D4DEB3A54620}"
EndProject
Project("{2150E333-8FDC-42A3-9474-1A3956D46DE8}") = "src", "src", "{29B15000-BA8F-4E46-87DF-09BAB822836A}"
EndProject
Project("{9A19103F-16F7-4668-BE54-9A1E7A4F7556}") = "Jalpan.LoadBalancing.Fabio", "src\Jalpan.LoadBalancing.Fabio\src\Jalpan.LoadBalancing.Fabio\Jalpan.LoadBalancing.Fabio.csproj", "{FAF75DC5-4106-4942-9A2D-53D2D843AC97}"
EndProject
Project("{2150E333-8FDC-42A3-9474-1A3956D46DE8}") = "Jalpan.Metrics.OpenTelemetry", "Jalpan.Metrics.OpenTelemetry", "{49518C99-FE8F-41D3-B4A4-9407B3A81613}"
EndProject
Project("{2150E333-8FDC-42A3-9474-1A3956D46DE8}") = "Jalpan.Tracing.OpenTelemetry", "Jalpan.Tracing.OpenTelemetry", "{DE95C93E-6995-49A9-B1D5-21DE000CD046}"
EndProject
Project("{2150E333-8FDC-42A3-9474-1A3956D46DE8}") = "src", "src", "{884E0870-8EFD-4FEA-B0B9-F406E9027CC3}"
EndProject
Project("{2150E333-8FDC-42A3-9474-1A3956D46DE8}") = "src", "src", "{8A882F52-8014-43D4-B13D-76C9E27B75B7}"
EndProject
Project("{9A19103F-16F7-4668-BE54-9A1E7A4F7556}") = "Jalpan.Tracing.OpenTelemetry", "src\Jalpan.Tracing.OpenTelemetry\src\Jalpan.Tracing.OpenTelemetry\Jalpan.Tracing.OpenTelemetry.csproj", "{DD06FF52-6B20-4C59-9795-2229470F61E9}"
EndProject
Project("{9A19103F-16F7-4668-BE54-9A1E7A4F7556}") = "Jalpan.Metrics.OpenTelemetry", "src\Jalpan.Metrics.OpenTelemetry\src\Jalpan.Metrics.OpenTelemetry\Jalpan.Metrics.OpenTelemetry.csproj", "{380EB32F-2BF7-4719-9383-CB638C63E45B}"
EndProject
Project("{2150E333-8FDC-42A3-9474-1A3956D46DE8}") = "Jalpan.Messaging.RabbitMQ", "Jalpan.Messaging.RabbitMQ", "{2905F745-4398-462B-90F9-8E0B7B6908B4}"
EndProject
Project("{2150E333-8FDC-42A3-9474-1A3956D46DE8}") = "Jalpan.Messaging.RabbitMQ.Streams", "Jalpan.Messaging.RabbitMQ.Streams", "{021D8554-238F-4198-BE34-6C8CAA7CC906}"
EndProject
Project("{2150E333-8FDC-42A3-9474-1A3956D46DE8}") = "src", "src", "{038D9294-42B8-44C0-B9A1-127F0FA0452D}"
EndProject
Project("{2150E333-8FDC-42A3-9474-1A3956D46DE8}") = "src", "src", "{162E0335-A728-4F29-8C95-5323B86D0417}"
EndProject
Project("{9A19103F-16F7-4668-BE54-9A1E7A4F7556}") = "Jalpan.Messaging.RabbitMQ", "src\Jalpan.Messaging.RabbitMQ\src\Jalpan.Messaging.RabbitMQ\Jalpan.Messaging.RabbitMQ.csproj", "{AAE077A9-49AA-45DB-9773-426C45649935}"
EndProject
Project("{9A19103F-16F7-4668-BE54-9A1E7A4F7556}") = "Jalpan.Messaging.RabbitMQ.Streams", "src\Jalpan.Messaging.RabbitMQ.Streams\Jalpan.Messaging.RabbitMQ.Streams\Jalpan.Messaging.RabbitMQ.Streams.csproj", "{0B4677A9-54A8-4374-8A2F-495EA1226B5F}"
EndProject
Project("{2150E333-8FDC-42A3-9474-1A3956D46DE8}") = "Jalpan.Jobs.Quartz", "Jalpan.Jobs.Quartz", "{333C55DF-3249-4DA6-BBA3-C10F3B24A7E8}"
EndProject
Project("{2150E333-8FDC-42A3-9474-1A3956D46DE8}") = "src", "src", "{3C3137F9-6B1D-4F6A-9B0F-B58236220E4E}"
EndProject
Project("{9A19103F-16F7-4668-BE54-9A1E7A4F7556}") = "Jalpan.Jobs.Quartz", "src\Jalpan.Jobs.Quartz\src\Jalpan.Jobs.Quartz\Jalpan.Jobs.Quartz.csproj", "{413BAFFE-94C2-4094-BC04-C851962D0DD2}"
EndProject
Project("{2150E333-8FDC-42A3-9474-1A3956D46DE8}") = "Jalpan.Secrets.Vault", "Jalpan.Secrets.Vault", "{FBA1037E-78AA-442D-A370-0DC362D6ECF9}"
EndProject
Project("{2150E333-8FDC-42A3-9474-1A3956D46DE8}") = "src", "src", "{A2FB4A1C-6E7C-48DD-B597-AA863CD7FDE5}"
EndProject
Project("{9A19103F-16F7-4668-BE54-9A1E7A4F7556}") = "Jalpan.Secrets.Valut", "src\Jalpan.Secrets.Vault\src\ClassLibrary1\Jalpan.Secrets.Valut\Jalpan.Secrets.Valut.csproj", "{21E9A92A-C92D-4C25-AA59-2C946D755F52}"
EndProject
Project("{2150E333-8FDC-42A3-9474-1A3956D46DE8}") = "Jalpan.GatewayApi", "Jalpan.GatewayApi", "{2F0DBA2D-6BBE-4569-B98F-C63FF576D56E}"
EndProject
Project("{2150E333-8FDC-42A3-9474-1A3956D46DE8}") = "src", "src", "{79C318D4-E5E2-4C32-B6B9-6563AA47058F}"
EndProject
Project("{9A19103F-16F7-4668-BE54-9A1E7A4F7556}") = "Jalpan.GatewayApi", "src\Jalpan.GatewayApi\src\Jalpan.GatewayApi\Jalpan.GatewayApi.csproj", "{E202D7A6-BD33-4353-8A80-3500D0C33EAE}"
EndProject
Project("{2150E333-8FDC-42A3-9474-1A3956D46DE8}") = "Jalpan.Messaging.Idempotency", "Jalpan.Messaging.Idempotency", "{2F1BACA1-B0CA-4CA8-82A5-B152B2462039}"
EndProject
Project("{2150E333-8FDC-42A3-9474-1A3956D46DE8}") = "src", "src", "{FF9BDD92-D219-4217-AC6C-141001D58003}"
EndProject
Project("{2150E333-8FDC-42A3-9474-1A3956D46DE8}") = "Jalpan.Messaging.Idempotency.MongoDB", "Jalpan.Messaging.Idempotency.MongoDB", "{C6B0B583-3C1D-4534-B51E-2C991DA6F412}"
EndProject
Project("{2150E333-8FDC-42A3-9474-1A3956D46DE8}") = "src", "src", "{4047D185-50F7-40F2-8ADF-0BAEE792FF2E}"
EndProject
Project("{9A19103F-16F7-4668-BE54-9A1E7A4F7556}") = "Jalpan.Messaging.Idempotency", "src\Jalpan.Messaging.Idempotency\src\Jalpan.Messaging.Idempotency\Jalpan.Messaging.Idempotency.csproj", "{95AE243C-DB3F-479F-AEF8-F60B411D7401}"
EndProject
Project("{9A19103F-16F7-4668-BE54-9A1E7A4F7556}") = "Jalpan.Messaging.Idempotency.MongoDB", "src\Jalpan.Messaging.Idempotency.MongoDB\src\Jalpan.Messaging.Idempotency.MongoDB\Jalpan.Messaging.Idempotency.MongoDB.csproj", "{EDD0E25F-82C3-4269-917C-86B4695F5927}"
EndProject
Project("{2150E333-8FDC-42A3-9474-1A3956D46DE8}") = "Jalpan.Persistance.Postgres", "Jalpan.Persistance.Postgres", "{BE93C6EF-1548-404A-9CCA-A89E8014C4D4}"
EndProject
Project("{2150E333-8FDC-42A3-9474-1A3956D46DE8}") = "src", "src", "{83CABF6A-AD2A-40F6-B17F-3281B5076D5B}"
EndProject
Project("{FAE04EC0-301F-11D3-BF4B-00C04F79EFBC}") = "Jalpan.Persistance.Postgres", "src\Jalpan.Persistance.Postgres\src\Jalpan.Persistance.Postgres\Jalpan.Persistance.Postgres.csproj", "{AA597AF2-0DC8-4498-8859-FE2B8D30C7FD}"
EndProject
Global
	GlobalSection(SolutionConfigurationPlatforms) = preSolution
		Debug|Any CPU = Debug|Any CPU
		Release|Any CPU = Release|Any CPU
	EndGlobalSection
	GlobalSection(ProjectConfigurationPlatforms) = postSolution
		{39863508-4402-41E1-8FF8-578BCA871695}.Debug|Any CPU.ActiveCfg = Debug|Any CPU
		{39863508-4402-41E1-8FF8-578BCA871695}.Debug|Any CPU.Build.0 = Debug|Any CPU
		{39863508-4402-41E1-8FF8-578BCA871695}.Release|Any CPU.ActiveCfg = Release|Any CPU
		{39863508-4402-41E1-8FF8-578BCA871695}.Release|Any CPU.Build.0 = Release|Any CPU
		{1576A739-73F3-4C61-8187-A8B68B3073B4}.Debug|Any CPU.ActiveCfg = Debug|Any CPU
		{1576A739-73F3-4C61-8187-A8B68B3073B4}.Debug|Any CPU.Build.0 = Debug|Any CPU
		{1576A739-73F3-4C61-8187-A8B68B3073B4}.Release|Any CPU.ActiveCfg = Release|Any CPU
		{1576A739-73F3-4C61-8187-A8B68B3073B4}.Release|Any CPU.Build.0 = Release|Any CPU
		{383354D1-482F-43EF-8CC1-A7D93946D00B}.Debug|Any CPU.ActiveCfg = Debug|Any CPU
		{383354D1-482F-43EF-8CC1-A7D93946D00B}.Debug|Any CPU.Build.0 = Debug|Any CPU
		{383354D1-482F-43EF-8CC1-A7D93946D00B}.Release|Any CPU.ActiveCfg = Release|Any CPU
		{383354D1-482F-43EF-8CC1-A7D93946D00B}.Release|Any CPU.Build.0 = Release|Any CPU
		{931A1000-0E23-4502-910D-790E6ED54BE5}.Debug|Any CPU.ActiveCfg = Debug|Any CPU
		{931A1000-0E23-4502-910D-790E6ED54BE5}.Debug|Any CPU.Build.0 = Debug|Any CPU
		{931A1000-0E23-4502-910D-790E6ED54BE5}.Release|Any CPU.ActiveCfg = Release|Any CPU
		{931A1000-0E23-4502-910D-790E6ED54BE5}.Release|Any CPU.Build.0 = Release|Any CPU
		{92F97D96-0C33-44B8-8769-79CBA8D59052}.Debug|Any CPU.ActiveCfg = Debug|Any CPU
		{92F97D96-0C33-44B8-8769-79CBA8D59052}.Debug|Any CPU.Build.0 = Debug|Any CPU
		{92F97D96-0C33-44B8-8769-79CBA8D59052}.Release|Any CPU.ActiveCfg = Release|Any CPU
		{92F97D96-0C33-44B8-8769-79CBA8D59052}.Release|Any CPU.Build.0 = Release|Any CPU
		{BB8A46FB-55AD-4E00-ACD6-7EA6A05F4738}.Debug|Any CPU.ActiveCfg = Debug|Any CPU
		{BB8A46FB-55AD-4E00-ACD6-7EA6A05F4738}.Debug|Any CPU.Build.0 = Debug|Any CPU
		{BB8A46FB-55AD-4E00-ACD6-7EA6A05F4738}.Release|Any CPU.ActiveCfg = Release|Any CPU
		{BB8A46FB-55AD-4E00-ACD6-7EA6A05F4738}.Release|Any CPU.Build.0 = Release|Any CPU
		{D39A6037-3700-4F37-B5E5-174ECE3C4320}.Debug|Any CPU.ActiveCfg = Debug|Any CPU
		{D39A6037-3700-4F37-B5E5-174ECE3C4320}.Debug|Any CPU.Build.0 = Debug|Any CPU
		{D39A6037-3700-4F37-B5E5-174ECE3C4320}.Release|Any CPU.ActiveCfg = Release|Any CPU
		{D39A6037-3700-4F37-B5E5-174ECE3C4320}.Release|Any CPU.Build.0 = Release|Any CPU
		{B3BA81D1-C685-4F4B-A655-A6758431E2DB}.Debug|Any CPU.ActiveCfg = Debug|Any CPU
		{B3BA81D1-C685-4F4B-A655-A6758431E2DB}.Debug|Any CPU.Build.0 = Debug|Any CPU
		{B3BA81D1-C685-4F4B-A655-A6758431E2DB}.Release|Any CPU.ActiveCfg = Release|Any CPU
		{B3BA81D1-C685-4F4B-A655-A6758431E2DB}.Release|Any CPU.Build.0 = Release|Any CPU
		{44AA62C2-5287-4F50-8486-A500EFB605EC}.Debug|Any CPU.ActiveCfg = Debug|Any CPU
		{44AA62C2-5287-4F50-8486-A500EFB605EC}.Debug|Any CPU.Build.0 = Debug|Any CPU
		{44AA62C2-5287-4F50-8486-A500EFB605EC}.Release|Any CPU.ActiveCfg = Release|Any CPU
		{44AA62C2-5287-4F50-8486-A500EFB605EC}.Release|Any CPU.Build.0 = Release|Any CPU
		{13720CB0-26B6-46D8-A719-92486A16EECF}.Debug|Any CPU.ActiveCfg = Debug|Any CPU
		{13720CB0-26B6-46D8-A719-92486A16EECF}.Debug|Any CPU.Build.0 = Debug|Any CPU
		{13720CB0-26B6-46D8-A719-92486A16EECF}.Release|Any CPU.ActiveCfg = Release|Any CPU
		{13720CB0-26B6-46D8-A719-92486A16EECF}.Release|Any CPU.Build.0 = Release|Any CPU
		{15FF328D-FF38-4D1B-803A-5E4DC3400E70}.Debug|Any CPU.ActiveCfg = Debug|Any CPU
		{15FF328D-FF38-4D1B-803A-5E4DC3400E70}.Debug|Any CPU.Build.0 = Debug|Any CPU
		{15FF328D-FF38-4D1B-803A-5E4DC3400E70}.Release|Any CPU.ActiveCfg = Release|Any CPU
		{15FF328D-FF38-4D1B-803A-5E4DC3400E70}.Release|Any CPU.Build.0 = Release|Any CPU
		{FAF75DC5-4106-4942-9A2D-53D2D843AC97}.Debug|Any CPU.ActiveCfg = Debug|Any CPU
		{FAF75DC5-4106-4942-9A2D-53D2D843AC97}.Debug|Any CPU.Build.0 = Debug|Any CPU
		{FAF75DC5-4106-4942-9A2D-53D2D843AC97}.Release|Any CPU.ActiveCfg = Release|Any CPU
		{FAF75DC5-4106-4942-9A2D-53D2D843AC97}.Release|Any CPU.Build.0 = Release|Any CPU
		{DD06FF52-6B20-4C59-9795-2229470F61E9}.Debug|Any CPU.ActiveCfg = Debug|Any CPU
		{DD06FF52-6B20-4C59-9795-2229470F61E9}.Debug|Any CPU.Build.0 = Debug|Any CPU
		{DD06FF52-6B20-4C59-9795-2229470F61E9}.Release|Any CPU.ActiveCfg = Release|Any CPU
		{DD06FF52-6B20-4C59-9795-2229470F61E9}.Release|Any CPU.Build.0 = Release|Any CPU
		{380EB32F-2BF7-4719-9383-CB638C63E45B}.Debug|Any CPU.ActiveCfg = Debug|Any CPU
		{380EB32F-2BF7-4719-9383-CB638C63E45B}.Debug|Any CPU.Build.0 = Debug|Any CPU
		{380EB32F-2BF7-4719-9383-CB638C63E45B}.Release|Any CPU.ActiveCfg = Release|Any CPU
		{380EB32F-2BF7-4719-9383-CB638C63E45B}.Release|Any CPU.Build.0 = Release|Any CPU
		{AAE077A9-49AA-45DB-9773-426C45649935}.Debug|Any CPU.ActiveCfg = Debug|Any CPU
		{AAE077A9-49AA-45DB-9773-426C45649935}.Debug|Any CPU.Build.0 = Debug|Any CPU
		{AAE077A9-49AA-45DB-9773-426C45649935}.Release|Any CPU.ActiveCfg = Release|Any CPU
		{AAE077A9-49AA-45DB-9773-426C45649935}.Release|Any CPU.Build.0 = Release|Any CPU
		{0B4677A9-54A8-4374-8A2F-495EA1226B5F}.Debug|Any CPU.ActiveCfg = Debug|Any CPU
		{0B4677A9-54A8-4374-8A2F-495EA1226B5F}.Debug|Any CPU.Build.0 = Debug|Any CPU
		{0B4677A9-54A8-4374-8A2F-495EA1226B5F}.Release|Any CPU.ActiveCfg = Release|Any CPU
		{0B4677A9-54A8-4374-8A2F-495EA1226B5F}.Release|Any CPU.Build.0 = Release|Any CPU
		{413BAFFE-94C2-4094-BC04-C851962D0DD2}.Debug|Any CPU.ActiveCfg = Debug|Any CPU
		{413BAFFE-94C2-4094-BC04-C851962D0DD2}.Debug|Any CPU.Build.0 = Debug|Any CPU
		{413BAFFE-94C2-4094-BC04-C851962D0DD2}.Release|Any CPU.ActiveCfg = Release|Any CPU
		{413BAFFE-94C2-4094-BC04-C851962D0DD2}.Release|Any CPU.Build.0 = Release|Any CPU
		{21E9A92A-C92D-4C25-AA59-2C946D755F52}.Debug|Any CPU.ActiveCfg = Debug|Any CPU
		{21E9A92A-C92D-4C25-AA59-2C946D755F52}.Debug|Any CPU.Build.0 = Debug|Any CPU
		{21E9A92A-C92D-4C25-AA59-2C946D755F52}.Release|Any CPU.ActiveCfg = Release|Any CPU
		{21E9A92A-C92D-4C25-AA59-2C946D755F52}.Release|Any CPU.Build.0 = Release|Any CPU
		{E202D7A6-BD33-4353-8A80-3500D0C33EAE}.Debug|Any CPU.ActiveCfg = Debug|Any CPU
		{E202D7A6-BD33-4353-8A80-3500D0C33EAE}.Debug|Any CPU.Build.0 = Debug|Any CPU
		{E202D7A6-BD33-4353-8A80-3500D0C33EAE}.Release|Any CPU.ActiveCfg = Release|Any CPU
		{E202D7A6-BD33-4353-8A80-3500D0C33EAE}.Release|Any CPU.Build.0 = Release|Any CPU
		{95AE243C-DB3F-479F-AEF8-F60B411D7401}.Debug|Any CPU.ActiveCfg = Debug|Any CPU
		{95AE243C-DB3F-479F-AEF8-F60B411D7401}.Debug|Any CPU.Build.0 = Debug|Any CPU
		{95AE243C-DB3F-479F-AEF8-F60B411D7401}.Release|Any CPU.ActiveCfg = Release|Any CPU
		{95AE243C-DB3F-479F-AEF8-F60B411D7401}.Release|Any CPU.Build.0 = Release|Any CPU
		{EDD0E25F-82C3-4269-917C-86B4695F5927}.Debug|Any CPU.ActiveCfg = Debug|Any CPU
		{EDD0E25F-82C3-4269-917C-86B4695F5927}.Debug|Any CPU.Build.0 = Debug|Any CPU
		{EDD0E25F-82C3-4269-917C-86B4695F5927}.Release|Any CPU.ActiveCfg = Release|Any CPU
		{EDD0E25F-82C3-4269-917C-86B4695F5927}.Release|Any CPU.Build.0 = Release|Any CPU
		{AA597AF2-0DC8-4498-8859-FE2B8D30C7FD}.Debug|Any CPU.ActiveCfg = Debug|Any CPU
		{AA597AF2-0DC8-4498-8859-FE2B8D30C7FD}.Debug|Any CPU.Build.0 = Debug|Any CPU
		{AA597AF2-0DC8-4498-8859-FE2B8D30C7FD}.Release|Any CPU.ActiveCfg = Release|Any CPU
		{AA597AF2-0DC8-4498-8859-FE2B8D30C7FD}.Release|Any CPU.Build.0 = Release|Any CPU
	EndGlobalSection
	GlobalSection(SolutionProperties) = preSolution
		HideSolutionNode = FALSE
	EndGlobalSection
	GlobalSection(NestedProjects) = preSolution
		{ECEF5396-D6AA-43F8-A692-4CE94C3112D7} = {27660AD0-CFEE-4DB4-9931-18803A26A7D3}
		{320D9ECF-16EC-4D7C-BE85-AFEE725D033B} = {ECEF5396-D6AA-43F8-A692-4CE94C3112D7}
		{39863508-4402-41E1-8FF8-578BCA871695} = {320D9ECF-16EC-4D7C-BE85-AFEE725D033B}
		{19C1978F-7794-4DD3-B51E-DDB3C5F2F3C9} = {27660AD0-CFEE-4DB4-9931-18803A26A7D3}
		{F7A71D95-A7D5-455F-B962-D0FD85E8A5E1} = {19C1978F-7794-4DD3-B51E-DDB3C5F2F3C9}
		{1576A739-73F3-4C61-8187-A8B68B3073B4} = {F7A71D95-A7D5-455F-B962-D0FD85E8A5E1}
		{E969DC73-55DD-4805-B6B5-4B429B62DBFB} = {27660AD0-CFEE-4DB4-9931-18803A26A7D3}
		{84DF56D7-2DBF-4B8D-B2C6-B7FD111F79CB} = {E969DC73-55DD-4805-B6B5-4B429B62DBFB}
		{383354D1-482F-43EF-8CC1-A7D93946D00B} = {84DF56D7-2DBF-4B8D-B2C6-B7FD111F79CB}
		{BC3EA7F1-D14F-4A61-ADDC-4657CBE543E8} = {27660AD0-CFEE-4DB4-9931-18803A26A7D3}
		{D046849E-1F56-4846-A29A-39964C3F93D4} = {BC3EA7F1-D14F-4A61-ADDC-4657CBE543E8}
		{931A1000-0E23-4502-910D-790E6ED54BE5} = {D046849E-1F56-4846-A29A-39964C3F93D4}
		{2B8B5170-D38D-4D60-891A-317BA3C73543} = {27660AD0-CFEE-4DB4-9931-18803A26A7D3}
		{E25A53D4-6928-448D-9518-030A55840F7B} = {2B8B5170-D38D-4D60-891A-317BA3C73543}
		{92F97D96-0C33-44B8-8769-79CBA8D59052} = {E25A53D4-6928-448D-9518-030A55840F7B}
		{F3CE7B68-A71E-4198-A6A1-418FBC2C1CD9} = {27660AD0-CFEE-4DB4-9931-18803A26A7D3}
		{1CA18124-475F-4DAF-8B88-EB572D4BDEFB} = {F3CE7B68-A71E-4198-A6A1-418FBC2C1CD9}
		{BB8A46FB-55AD-4E00-ACD6-7EA6A05F4738} = {1CA18124-475F-4DAF-8B88-EB572D4BDEFB}
		{62127B0A-6DE9-47AE-8FB6-95344F12D242} = {27660AD0-CFEE-4DB4-9931-18803A26A7D3}
		{D39A6037-3700-4F37-B5E5-174ECE3C4320} = {62127B0A-6DE9-47AE-8FB6-95344F12D242}
		{A69ACBAE-B083-426B-BD6F-F9DEE544578F} = {27660AD0-CFEE-4DB4-9931-18803A26A7D3}
		{D5E0F61E-41BC-467C-827E-302C6FEBBEC1} = {A69ACBAE-B083-426B-BD6F-F9DEE544578F}
		{B3BA81D1-C685-4F4B-A655-A6758431E2DB} = {D5E0F61E-41BC-467C-827E-302C6FEBBEC1}
		{96706EC2-25CB-4C38-992D-6FD2C559BB33} = {27660AD0-CFEE-4DB4-9931-18803A26A7D3}
		{47B25EEE-F281-4C96-94E1-51E311DC5ECE} = {96706EC2-25CB-4C38-992D-6FD2C559BB33}
		{44AA62C2-5287-4F50-8486-A500EFB605EC} = {47B25EEE-F281-4C96-94E1-51E311DC5ECE}
		{0CA52A56-81EC-46DE-B9AE-F3D2921D28D8} = {27660AD0-CFEE-4DB4-9931-18803A26A7D3}
		{1EF6C463-95CA-4519-B3AA-831732C8734A} = {0CA52A56-81EC-46DE-B9AE-F3D2921D28D8}
		{13720CB0-26B6-46D8-A719-92486A16EECF} = {1EF6C463-95CA-4519-B3AA-831732C8734A}
		{C54FEF0C-6277-4951-9FDC-761A3B4D7896} = {27660AD0-CFEE-4DB4-9931-18803A26A7D3}
		{9DD65BBD-49A8-4411-88F1-FC8EE9F63B29} = {C54FEF0C-6277-4951-9FDC-761A3B4D7896}
		{15FF328D-FF38-4D1B-803A-5E4DC3400E70} = {9DD65BBD-49A8-4411-88F1-FC8EE9F63B29}
		{1CC0BFC3-052A-4715-887E-D4DEB3A54620} = {27660AD0-CFEE-4DB4-9931-18803A26A7D3}
		{29B15000-BA8F-4E46-87DF-09BAB822836A} = {1CC0BFC3-052A-4715-887E-D4DEB3A54620}
		{FAF75DC5-4106-4942-9A2D-53D2D843AC97} = {29B15000-BA8F-4E46-87DF-09BAB822836A}
		{49518C99-FE8F-41D3-B4A4-9407B3A81613} = {27660AD0-CFEE-4DB4-9931-18803A26A7D3}
		{DE95C93E-6995-49A9-B1D5-21DE000CD046} = {27660AD0-CFEE-4DB4-9931-18803A26A7D3}
		{884E0870-8EFD-4FEA-B0B9-F406E9027CC3} = {49518C99-FE8F-41D3-B4A4-9407B3A81613}
		{8A882F52-8014-43D4-B13D-76C9E27B75B7} = {DE95C93E-6995-49A9-B1D5-21DE000CD046}
		{DD06FF52-6B20-4C59-9795-2229470F61E9} = {8A882F52-8014-43D4-B13D-76C9E27B75B7}
		{380EB32F-2BF7-4719-9383-CB638C63E45B} = {884E0870-8EFD-4FEA-B0B9-F406E9027CC3}
		{2905F745-4398-462B-90F9-8E0B7B6908B4} = {27660AD0-CFEE-4DB4-9931-18803A26A7D3}
		{021D8554-238F-4198-BE34-6C8CAA7CC906} = {27660AD0-CFEE-4DB4-9931-18803A26A7D3}
		{038D9294-42B8-44C0-B9A1-127F0FA0452D} = {2905F745-4398-462B-90F9-8E0B7B6908B4}
		{162E0335-A728-4F29-8C95-5323B86D0417} = {021D8554-238F-4198-BE34-6C8CAA7CC906}
		{AAE077A9-49AA-45DB-9773-426C45649935} = {038D9294-42B8-44C0-B9A1-127F0FA0452D}
		{0B4677A9-54A8-4374-8A2F-495EA1226B5F} = {162E0335-A728-4F29-8C95-5323B86D0417}
		{333C55DF-3249-4DA6-BBA3-C10F3B24A7E8} = {27660AD0-CFEE-4DB4-9931-18803A26A7D3}
		{3C3137F9-6B1D-4F6A-9B0F-B58236220E4E} = {333C55DF-3249-4DA6-BBA3-C10F3B24A7E8}
		{413BAFFE-94C2-4094-BC04-C851962D0DD2} = {3C3137F9-6B1D-4F6A-9B0F-B58236220E4E}
		{FBA1037E-78AA-442D-A370-0DC362D6ECF9} = {27660AD0-CFEE-4DB4-9931-18803A26A7D3}
		{A2FB4A1C-6E7C-48DD-B597-AA863CD7FDE5} = {FBA1037E-78AA-442D-A370-0DC362D6ECF9}
		{21E9A92A-C92D-4C25-AA59-2C946D755F52} = {A2FB4A1C-6E7C-48DD-B597-AA863CD7FDE5}
		{2F0DBA2D-6BBE-4569-B98F-C63FF576D56E} = {27660AD0-CFEE-4DB4-9931-18803A26A7D3}
		{79C318D4-E5E2-4C32-B6B9-6563AA47058F} = {2F0DBA2D-6BBE-4569-B98F-C63FF576D56E}
		{E202D7A6-BD33-4353-8A80-3500D0C33EAE} = {79C318D4-E5E2-4C32-B6B9-6563AA47058F}
		{2F1BACA1-B0CA-4CA8-82A5-B152B2462039} = {27660AD0-CFEE-4DB4-9931-18803A26A7D3}
		{FF9BDD92-D219-4217-AC6C-141001D58003} = {2F1BACA1-B0CA-4CA8-82A5-B152B2462039}
		{C6B0B583-3C1D-4534-B51E-2C991DA6F412} = {27660AD0-CFEE-4DB4-9931-18803A26A7D3}
		{4047D185-50F7-40F2-8ADF-0BAEE792FF2E} = {C6B0B583-3C1D-4534-B51E-2C991DA6F412}
		{95AE243C-DB3F-479F-AEF8-F60B411D7401} = {FF9BDD92-D219-4217-AC6C-141001D58003}
		{EDD0E25F-82C3-4269-917C-86B4695F5927} = {4047D185-50F7-40F2-8ADF-0BAEE792FF2E}
		{BE93C6EF-1548-404A-9CCA-A89E8014C4D4} = {27660AD0-CFEE-4DB4-9931-18803A26A7D3}
		{83CABF6A-AD2A-40F6-B17F-3281B5076D5B} = {BE93C6EF-1548-404A-9CCA-A89E8014C4D4}
		{AA597AF2-0DC8-4498-8859-FE2B8D30C7FD} = {83CABF6A-AD2A-40F6-B17F-3281B5076D5B}
	EndGlobalSection
	GlobalSection(ExtensibilityGlobals) = postSolution
		SolutionGuid = {0BD1658A-F18C-408B-B206-A21057A6E039}
	EndGlobalSection
EndGlobal
